Microsoft Visual Studio Solution File, Format Version 12.00
# Visual Studio 15
Project("{2150E333-8FDC-42A3-9474-1A3956D46DE8}") = "CMakePredefinedTargets", "CMakePredefinedTargets", "{ACEE42A9-4297-3CF4-B877-9818FE3D5ED6}"
EndProject
Project("{2150E333-8FDC-42A3-9474-1A3956D46DE8}") = "PhysX SDK", "PhysX SDK", "{347C57DF-0D9D-341D-97EC-09824B0480DE}"
EndProject
Project("{2150E333-8FDC-42A3-9474-1A3956D46DE8}") = "PhysX Samples", "PhysX Samples", "{E9990CCE-B6D3-33BE-82F4-F5A8EE1755EF}"
EndProject
Project("{8BC9CEB8-8B4A-11D0-8D11-00A0C91BC942}") = "ALL_BUILD", "ALL_BUILD.vcxproj", "{09E7810A-FEA8-3D58-8B81-9C2E3B809092}"
	ProjectSection(ProjectDependencies) = postProject
		{57FFBB31-05EA-3653-A399-3241ACBFAAFB} = {57FFBB31-05EA-3653-A399-3241ACBFAAFB}
		{C2506736-EF3D-35C6-B62D-A563BC7B14B1} = {C2506736-EF3D-35C6-B62D-A563BC7B14B1}
		{6DA490CB-7B14-3DBF-9748-CE038DB49351} = {6DA490CB-7B14-3DBF-9748-CE038DB49351}
		{C1CB48E1-9A8C-38DF-955C-146CFDE4C294} = {C1CB48E1-9A8C-38DF-955C-146CFDE4C294}
		{B83E0B1E-253B-3EC3-B2CD-07CD156113A8} = {B83E0B1E-253B-3EC3-B2CD-07CD156113A8}
		{24BFACE3-CBB3-3510-A28C-787E9FDB55F1} = {24BFACE3-CBB3-3510-A28C-787E9FDB55F1}
		{BE715C77-D6A2-30D4-97BD-F891DD0C4171} = {BE715C77-D6A2-30D4-97BD-F891DD0C4171}
	EndProjectSection
EndProject
Project("{8BC9CEB8-8B4A-11D0-8D11-00A0C91BC942}") = "FastXml", "..\sdk_source_bin\FastXml.vcxproj", "{37682E31-71B8-3A2A-B7C2-48EF4DE19333}"
	ProjectSection(ProjectDependencies) = postProject
		{BE715C77-D6A2-30D4-97BD-F891DD0C4171} = {BE715C77-D6A2-30D4-97BD-F891DD0C4171}
	EndProjectSection
EndProject
Project("{8BC9CEB8-8B4A-11D0-8D11-00A0C91BC942}") = "INSTALL", "INSTALL.vcxproj", "{32CBEDEA-3CF6-37BC-A9CB-81C4511C25B7}"
	ProjectSection(ProjectDependencies) = postProject
		{09E7810A-FEA8-3D58-8B81-9C2E3B809092} = {09E7810A-FEA8-3D58-8B81-9C2E3B809092}
		{BE715C77-D6A2-30D4-97BD-F891DD0C4171} = {BE715C77-D6A2-30D4-97BD-F891DD0C4171}
	EndProjectSection
EndProject
Project("{8BC9CEB8-8B4A-11D0-8D11-00A0C91BC942}") = "LowLevel", "..\sdk_source_bin\LowLevel.vcxproj", "{D440C129-5938-39DD-83F6-96F1C4077AC7}"
	ProjectSection(ProjectDependencies) = postProject
		{BE715C77-D6A2-30D4-97BD-F891DD0C4171} = {BE715C77-D6A2-30D4-97BD-F891DD0C4171}
	EndProjectSection
EndProject
Project("{8BC9CEB8-8B4A-11D0-8D11-00A0C91BC942}") = "LowLevelAABB", "..\sdk_source_bin\LowLevelAABB.vcxproj", "{1FC14082-935D-3B65-ABEB-EA4281D14334}"
	ProjectSection(ProjectDependencies) = postProject
		{BE715C77-D6A2-30D4-97BD-F891DD0C4171} = {BE715C77-D6A2-30D4-97BD-F891DD0C4171}
	EndProjectSection
EndProject
Project("{8BC9CEB8-8B4A-11D0-8D11-00A0C91BC942}") = "LowLevelDynamics", "..\sdk_source_bin\LowLevelDynamics.vcxproj", "{EE4B6CD3-BBF7-360B-99D1-FDE22489D3EB}"
	ProjectSection(ProjectDependencies) = postProject
		{BE715C77-D6A2-30D4-97BD-F891DD0C4171} = {BE715C77-D6A2-30D4-97BD-F891DD0C4171}
	EndProjectSection
EndProject
Project("{8BC9CEB8-8B4A-11D0-8D11-00A0C91BC942}") = "PhysX", "..\sdk_source_bin\PhysX.vcxproj", "{864597CA-C9D1-37B8-84C7-B6BF698E47A9}"
	ProjectSection(ProjectDependencies) = postProject
		{D440C129-5938-39DD-83F6-96F1C4077AC7} = {D440C129-5938-39DD-83F6-96F1C4077AC7}
		{1FC14082-935D-3B65-ABEB-EA4281D14334} = {1FC14082-935D-3B65-ABEB-EA4281D14334}
		{EE4B6CD3-BBF7-360B-99D1-FDE22489D3EB} = {EE4B6CD3-BBF7-360B-99D1-FDE22489D3EB}
		{FA31E97A-C0F4-33BF-89C1-F5DE97BBDAA3} = {FA31E97A-C0F4-33BF-89C1-F5DE97BBDAA3}
		{593BA43E-20E2-3397-A2C1-24F877988150} = {593BA43E-20E2-3397-A2C1-24F877988150}
		{554EC38A-4A20-3B8C-9783-9CE948090E1C} = {554EC38A-4A20-3B8C-9783-9CE948090E1C}
		{5553578C-B105-3A84-8D17-84D28CD15C5C} = {5553578C-B105-3A84-8D17-84D28CD15C5C}
		{713493A4-827D-3D09-9227-268BDC0355A5} = {713493A4-827D-3D09-9227-268BDC0355A5}
		{C95765F0-B7E7-3E3E-8971-2110C79CF223} = {C95765F0-B7E7-3E3E-8971-2110C79CF223}
		{BE715C77-D6A2-30D4-97BD-F891DD0C4171} = {BE715C77-D6A2-30D4-97BD-F891DD0C4171}
	EndProjectSection
EndProject
Project("{8BC9CEB8-8B4A-11D0-8D11-00A0C91BC942}") = "PhysXCharacterKinematic", "..\sdk_source_bin\PhysXCharacterKinematic.vcxproj", "{D4814EF6-EA60-3633-8187-B280FB9D5E7E}"
	ProjectSection(ProjectDependencies) = postProject
		{593BA43E-20E2-3397-A2C1-24F877988150} = {593BA43E-20E2-3397-A2C1-24F877988150}
		{BE715C77-D6A2-30D4-97BD-F891DD0C4171} = {BE715C77-D6A2-30D4-97BD-F891DD0C4171}
	EndProjectSection
EndProject
Project("{8BC9CEB8-8B4A-11D0-8D11-00A0C91BC942}") = "PhysXCommon", "..\sdk_source_bin\PhysXCommon.vcxproj", "{FA31E97A-C0F4-33BF-89C1-F5DE97BBDAA3}"
	ProjectSection(ProjectDependencies) = postProject
		{593BA43E-20E2-3397-A2C1-24F877988150} = {593BA43E-20E2-3397-A2C1-24F877988150}
		{BE715C77-D6A2-30D4-97BD-F891DD0C4171} = {BE715C77-D6A2-30D4-97BD-F891DD0C4171}
	EndProjectSection
EndProject
Project("{8BC9CEB8-8B4A-11D0-8D11-00A0C91BC942}") = "PhysXCooking", "..\sdk_source_bin\PhysXCooking.vcxproj", "{AA5E3079-FEC6-31B9-96B6-82C2F65E7DD2}"
	ProjectSection(ProjectDependencies) = postProject
		{FA31E97A-C0F4-33BF-89C1-F5DE97BBDAA3} = {FA31E97A-C0F4-33BF-89C1-F5DE97BBDAA3}
		{593BA43E-20E2-3397-A2C1-24F877988150} = {593BA43E-20E2-3397-A2C1-24F877988150}
		{BE715C77-D6A2-30D4-97BD-F891DD0C4171} = {BE715C77-D6A2-30D4-97BD-F891DD0C4171}
	EndProjectSection
EndProject
Project("{8BC9CEB8-8B4A-11D0-8D11-00A0C91BC942}") = "PhysXExtensions", "..\sdk_source_bin\PhysXExtensions.vcxproj", "{F61DBDEB-222D-3284-8970-E133F3593915}"
	ProjectSection(ProjectDependencies) = postProject
		{37682E31-71B8-3A2A-B7C2-48EF4DE19333} = {37682E31-71B8-3A2A-B7C2-48EF4DE19333}
		{864597CA-C9D1-37B8-84C7-B6BF698E47A9} = {864597CA-C9D1-37B8-84C7-B6BF698E47A9}
		{593BA43E-20E2-3397-A2C1-24F877988150} = {593BA43E-20E2-3397-A2C1-24F877988150}
		{554EC38A-4A20-3B8C-9783-9CE948090E1C} = {554EC38A-4A20-3B8C-9783-9CE948090E1C}
		{BE715C77-D6A2-30D4-97BD-F891DD0C4171} = {BE715C77-D6A2-30D4-97BD-F891DD0C4171}
	EndProjectSection
EndProject
Project("{8BC9CEB8-8B4A-11D0-8D11-00A0C91BC942}") = "PhysXFoundation", "..\sdk_source_bin\PhysXFoundation.vcxproj", "{593BA43E-20E2-3397-A2C1-24F877988150}"
	ProjectSection(ProjectDependencies) = postProject
		{BE715C77-D6A2-30D4-97BD-F891DD0C4171} = {BE715C77-D6A2-30D4-97BD-F891DD0C4171}
	EndProjectSection
EndProject
Project("{8BC9CEB8-8B4A-11D0-8D11-00A0C91BC942}") = "PhysXPvdSDK", "..\sdk_source_bin\PhysXPvdSDK.vcxproj", "{554EC38A-4A20-3B8C-9783-9CE948090E1C}"
	ProjectSection(ProjectDependencies) = postProject
		{593BA43E-20E2-3397-A2C1-24F877988150} = {593BA43E-20E2-3397-A2C1-24F877988150}
		{BE715C77-D6A2-30D4-97BD-F891DD0C4171} = {BE715C77-D6A2-30D4-97BD-F891DD0C4171}
	EndProjectSection
EndProject
Project("{8BC9CEB8-8B4A-11D0-8D11-00A0C91BC942}") = "PhysXTask", "..\sdk_source_bin\PhysXTask.vcxproj", "{5553578C-B105-3A84-8D17-84D28CD15C5C}"
	ProjectSection(ProjectDependencies) = postProject
		{BE715C77-D6A2-30D4-97BD-F891DD0C4171} = {BE715C77-D6A2-30D4-97BD-F891DD0C4171}
	EndProjectSection
EndProject
Project("{8BC9CEB8-8B4A-11D0-8D11-00A0C91BC942}") = "PhysXVehicle", "..\sdk_source_bin\PhysXVehicle.vcxproj", "{F97BC8F1-BD42-30F5-B38E-027B0364E677}"
	ProjectSection(ProjectDependencies) = postProject
		{593BA43E-20E2-3397-A2C1-24F877988150} = {593BA43E-20E2-3397-A2C1-24F877988150}
		{554EC38A-4A20-3B8C-9783-9CE948090E1C} = {554EC38A-4A20-3B8C-9783-9CE948090E1C}
		{BE715C77-D6A2-30D4-97BD-F891DD0C4171} = {BE715C77-D6A2-30D4-97BD-F891DD0C4171}
	EndProjectSection
EndProject
Project("{8BC9CEB8-8B4A-11D0-8D11-00A0C91BC942}") = "SampleBase", "SampleBase.vcxproj", "{57FFBB31-05EA-3653-A399-3241ACBFAAFB}"
	ProjectSection(ProjectDependencies) = postProject
		{864597CA-C9D1-37B8-84C7-B6BF698E47A9} = {864597CA-C9D1-37B8-84C7-B6BF698E47A9}
		{F61DBDEB-222D-3284-8970-E133F3593915} = {F61DBDEB-222D-3284-8970-E133F3593915}
		{593BA43E-20E2-3397-A2C1-24F877988150} = {593BA43E-20E2-3397-A2C1-24F877988150}
		{554EC38A-4A20-3B8C-9783-9CE948090E1C} = {554EC38A-4A20-3B8C-9783-9CE948090E1C}
		{B83E0B1E-253B-3EC3-B2CD-07CD156113A8} = {B83E0B1E-253B-3EC3-B2CD-07CD156113A8}
		{BE715C77-D6A2-30D4-97BD-F891DD0C4171} = {BE715C77-D6A2-30D4-97BD-F891DD0C4171}
	EndProjectSection
EndProject
Project("{8BC9CEB8-8B4A-11D0-8D11-00A0C91BC942}") = "SampleFramework", "SampleFramework.vcxproj", "{C2506736-EF3D-35C6-B62D-A563BC7B14B1}"
	ProjectSection(ProjectDependencies) = postProject
		{864597CA-C9D1-37B8-84C7-B6BF698E47A9} = {864597CA-C9D1-37B8-84C7-B6BF698E47A9}
		{F61DBDEB-222D-3284-8970-E133F3593915} = {F61DBDEB-222D-3284-8970-E133F3593915}
		{593BA43E-20E2-3397-A2C1-24F877988150} = {593BA43E-20E2-3397-A2C1-24F877988150}
		{554EC38A-4A20-3B8C-9783-9CE948090E1C} = {554EC38A-4A20-3B8C-9783-9CE948090E1C}
		{B83E0B1E-253B-3EC3-B2CD-07CD156113A8} = {B83E0B1E-253B-3EC3-B2CD-07CD156113A8}
		{BE715C77-D6A2-30D4-97BD-F891DD0C4171} = {BE715C77-D6A2-30D4-97BD-F891DD0C4171}
	EndProjectSection
EndProject
Project("{8BC9CEB8-8B4A-11D0-8D11-00A0C91BC942}") = "SamplePlatform", "SamplePlatform.vcxproj", "{6DA490CB-7B14-3DBF-9748-CE038DB49351}"
	ProjectSection(ProjectDependencies) = postProject
		{864597CA-C9D1-37B8-84C7-B6BF698E47A9} = {864597CA-C9D1-37B8-84C7-B6BF698E47A9}
		{F61DBDEB-222D-3284-8970-E133F3593915} = {F61DBDEB-222D-3284-8970-E133F3593915}
		{593BA43E-20E2-3397-A2C1-24F877988150} = {593BA43E-20E2-3397-A2C1-24F877988150}
		{554EC38A-4A20-3B8C-9783-9CE948090E1C} = {554EC38A-4A20-3B8C-9783-9CE948090E1C}
		{B83E0B1E-253B-3EC3-B2CD-07CD156113A8} = {B83E0B1E-253B-3EC3-B2CD-07CD156113A8}
		{BE715C77-D6A2-30D4-97BD-F891DD0C4171} = {BE715C77-D6A2-30D4-97BD-F891DD0C4171}
	EndProjectSection
EndProject
Project("{8BC9CEB8-8B4A-11D0-8D11-00A0C91BC942}") = "SampleRenderer", "SampleRenderer.vcxproj", "{C1CB48E1-9A8C-38DF-955C-146CFDE4C294}"
	ProjectSection(ProjectDependencies) = postProject
		{864597CA-C9D1-37B8-84C7-B6BF698E47A9} = {864597CA-C9D1-37B8-84C7-B6BF698E47A9}
		{F61DBDEB-222D-3284-8970-E133F3593915} = {F61DBDEB-222D-3284-8970-E133F3593915}
		{593BA43E-20E2-3397-A2C1-24F877988150} = {593BA43E-20E2-3397-A2C1-24F877988150}
		{554EC38A-4A20-3B8C-9783-9CE948090E1C} = {554EC38A-4A20-3B8C-9783-9CE948090E1C}
		{B83E0B1E-253B-3EC3-B2CD-07CD156113A8} = {B83E0B1E-253B-3EC3-B2CD-07CD156113A8}
		{BE715C77-D6A2-30D4-97BD-F891DD0C4171} = {BE715C77-D6A2-30D4-97BD-F891DD0C4171}
	EndProjectSection
EndProject
Project("{8BC9CEB8-8B4A-11D0-8D11-00A0C91BC942}") = "SampleToolkit", "SampleToolkit.vcxproj", "{B83E0B1E-253B-3EC3-B2CD-07CD156113A8}"
	ProjectSection(ProjectDependencies) = postProject
		{864597CA-C9D1-37B8-84C7-B6BF698E47A9} = {864597CA-C9D1-37B8-84C7-B6BF698E47A9}
		{F61DBDEB-222D-3284-8970-E133F3593915} = {F61DBDEB-222D-3284-8970-E133F3593915}
		{593BA43E-20E2-3397-A2C1-24F877988150} = {593BA43E-20E2-3397-A2C1-24F877988150}
		{554EC38A-4A20-3B8C-9783-9CE948090E1C} = {554EC38A-4A20-3B8C-9783-9CE948090E1C}
		{BE715C77-D6A2-30D4-97BD-F891DD0C4171} = {BE715C77-D6A2-30D4-97BD-F891DD0C4171}
	EndProjectSection
EndProject
Project("{8BC9CEB8-8B4A-11D0-8D11-00A0C91BC942}") = "Samples", "Samples.vcxproj", "{24BFACE3-CBB3-3510-A28C-787E9FDB55F1}"
	ProjectSection(ProjectDependencies) = postProject
		{864597CA-C9D1-37B8-84C7-B6BF698E47A9} = {864597CA-C9D1-37B8-84C7-B6BF698E47A9}
		{D4814EF6-EA60-3633-8187-B280FB9D5E7E} = {D4814EF6-EA60-3633-8187-B280FB9D5E7E}
		{FA31E97A-C0F4-33BF-89C1-F5DE97BBDAA3} = {FA31E97A-C0F4-33BF-89C1-F5DE97BBDAA3}
		{AA5E3079-FEC6-31B9-96B6-82C2F65E7DD2} = {AA5E3079-FEC6-31B9-96B6-82C2F65E7DD2}
		{F61DBDEB-222D-3284-8970-E133F3593915} = {F61DBDEB-222D-3284-8970-E133F3593915}
		{593BA43E-20E2-3397-A2C1-24F877988150} = {593BA43E-20E2-3397-A2C1-24F877988150}
		{554EC38A-4A20-3B8C-9783-9CE948090E1C} = {554EC38A-4A20-3B8C-9783-9CE948090E1C}
		{F97BC8F1-BD42-30F5-B38E-027B0364E677} = {F97BC8F1-BD42-30F5-B38E-027B0364E677}
		{57FFBB31-05EA-3653-A399-3241ACBFAAFB} = {57FFBB31-05EA-3653-A399-3241ACBFAAFB}
		{C2506736-EF3D-35C6-B62D-A563BC7B14B1} = {C2506736-EF3D-35C6-B62D-A563BC7B14B1}
		{6DA490CB-7B14-3DBF-9748-CE038DB49351} = {6DA490CB-7B14-3DBF-9748-CE038DB49351}
		{C1CB48E1-9A8C-38DF-955C-146CFDE4C294} = {C1CB48E1-9A8C-38DF-955C-146CFDE4C294}
		{B83E0B1E-253B-3EC3-B2CD-07CD156113A8} = {B83E0B1E-253B-3EC3-B2CD-07CD156113A8}
		{BE715C77-D6A2-30D4-97BD-F891DD0C4171} = {BE715C77-D6A2-30D4-97BD-F891DD0C4171}
	EndProjectSection
EndProject
Project("{8BC9CEB8-8B4A-11D0-8D11-00A0C91BC942}") = "SceneQuery", "..\sdk_source_bin\SceneQuery.vcxproj", "{713493A4-827D-3D09-9227-268BDC0355A5}"
	ProjectSection(ProjectDependencies) = postProject
		{BE715C77-D6A2-30D4-97BD-F891DD0C4171} = {BE715C77-D6A2-30D4-97BD-F891DD0C4171}
	EndProjectSection
EndProject
Project("{8BC9CEB8-8B4A-11D0-8D11-00A0C91BC942}") = "SimulationController", "..\sdk_source_bin\SimulationController.vcxproj", "{C95765F0-B7E7-3E3E-8971-2110C79CF223}"
	ProjectSection(ProjectDependencies) = postProject
		{BE715C77-D6A2-30D4-97BD-F891DD0C4171} = {BE715C77-D6A2-30D4-97BD-F891DD0C4171}
	EndProjectSection
EndProject
Project("{8BC9CEB8-8B4A-11D0-8D11-00A0C91BC942}") = "ZERO_CHECK", "..\\ZERO_CHECK.vcxproj", "{BE715C77-D6A2-30D4-97BD-F891DD0C4171}"
	ProjectSection(ProjectDependencies) = postProject
	EndProjectSection
EndProject
Global
	GlobalSection(SolutionConfigurationPlatforms) = preSolution
		debug|Win32 = debug|Win32
		checked|Win32 = checked|Win32
		profile|Win32 = profile|Win32
		release|Win32 = release|Win32
	EndGlobalSection
	GlobalSection(ProjectConfigurationPlatforms) = postSolution
		{09E7810A-FEA8-3D58-8B81-9C2E3B809092}.debug|Win32.ActiveCfg = debug|Win32
		{09E7810A-FEA8-3D58-8B81-9C2E3B809092}.debug|Win32.Build.0 = debug|Win32
		{09E7810A-FEA8-3D58-8B81-9C2E3B809092}.checked|Win32.ActiveCfg = checked|Win32
		{09E7810A-FEA8-3D58-8B81-9C2E3B809092}.checked|Win32.Build.0 = checked|Win32
		{09E7810A-FEA8-3D58-8B81-9C2E3B809092}.profile|Win32.ActiveCfg = profile|Win32
		{09E7810A-FEA8-3D58-8B81-9C2E3B809092}.profile|Win32.Build.0 = profile|Win32
		{09E7810A-FEA8-3D58-8B81-9C2E3B809092}.release|Win32.ActiveCfg = release|Win32
		{09E7810A-FEA8-3D58-8B81-9C2E3B809092}.release|Win32.Build.0 = release|Win32
		{37682E31-71B8-3A2A-B7C2-48EF4DE19333}.debug|Win32.ActiveCfg = debug|Win32
		{37682E31-71B8-3A2A-B7C2-48EF4DE19333}.debug|Win32.Build.0 = debug|Win32
		{37682E31-71B8-3A2A-B7C2-48EF4DE19333}.checked|Win32.ActiveCfg = checked|Win32
		{37682E31-71B8-3A2A-B7C2-48EF4DE19333}.checked|Win32.Build.0 = checked|Win32
		{37682E31-71B8-3A2A-B7C2-48EF4DE19333}.profile|Win32.ActiveCfg = profile|Win32
		{37682E31-71B8-3A2A-B7C2-48EF4DE19333}.profile|Win32.Build.0 = profile|Win32
		{37682E31-71B8-3A2A-B7C2-48EF4DE19333}.release|Win32.ActiveCfg = release|Win32
		{37682E31-71B8-3A2A-B7C2-48EF4DE19333}.release|Win32.Build.0 = release|Win32
		{32CBEDEA-3CF6-37BC-A9CB-81C4511C25B7}.debug|Win32.ActiveCfg = debug|Win32
		{32CBEDEA-3CF6-37BC-A9CB-81C4511C25B7}.checked|Win32.ActiveCfg = checked|Win32
		{32CBEDEA-3CF6-37BC-A9CB-81C4511C25B7}.profile|Win32.ActiveCfg = profile|Win32
		{32CBEDEA-3CF6-37BC-A9CB-81C4511C25B7}.release|Win32.ActiveCfg = release|Win32
		{D440C129-5938-39DD-83F6-96F1C4077AC7}.debug|Win32.ActiveCfg = debug|Win32
		{D440C129-5938-39DD-83F6-96F1C4077AC7}.debug|Win32.Build.0 = debug|Win32
		{D440C129-5938-39DD-83F6-96F1C4077AC7}.checked|Win32.ActiveCfg = checked|Win32
		{D440C129-5938-39DD-83F6-96F1C4077AC7}.checked|Win32.Build.0 = checked|Win32
		{D440C129-5938-39DD-83F6-96F1C4077AC7}.profile|Win32.ActiveCfg = profile|Win32
		{D440C129-5938-39DD-83F6-96F1C4077AC7}.profile|Win32.Build.0 = profile|Win32
		{D440C129-5938-39DD-83F6-96F1C4077AC7}.release|Win32.ActiveCfg = release|Win32
		{D440C129-5938-39DD-83F6-96F1C4077AC7}.release|Win32.Build.0 = release|Win32
		{1FC14082-935D-3B65-ABEB-EA4281D14334}.debug|Win32.ActiveCfg = debug|Win32
		{1FC14082-935D-3B65-ABEB-EA4281D14334}.debug|Win32.Build.0 = debug|Win32
		{1FC14082-935D-3B65-ABEB-EA4281D14334}.checked|Win32.ActiveCfg = checked|Win32
		{1FC14082-935D-3B65-ABEB-EA4281D14334}.checked|Win32.Build.0 = checked|Win32
		{1FC14082-935D-3B65-ABEB-EA4281D14334}.profile|Win32.ActiveCfg = profile|Win32
		{1FC14082-935D-3B65-ABEB-EA4281D14334}.profile|Win32.Build.0 = profile|Win32
		{1FC14082-935D-3B65-ABEB-EA4281D14334}.release|Win32.ActiveCfg = release|Win32
		{1FC14082-935D-3B65-ABEB-EA4281D14334}.release|Win32.Build.0 = release|Win32
		{EE4B6CD3-BBF7-360B-99D1-FDE22489D3EB}.debug|Win32.ActiveCfg = debug|Win32
		{EE4B6CD3-BBF7-360B-99D1-FDE22489D3EB}.debug|Win32.Build.0 = debug|Win32
		{EE4B6CD3-BBF7-360B-99D1-FDE22489D3EB}.checked|Win32.ActiveCfg = checked|Win32
		{EE4B6CD3-BBF7-360B-99D1-FDE22489D3EB}.checked|Win32.Build.0 = checked|Win32
		{EE4B6CD3-BBF7-360B-99D1-FDE22489D3EB}.profile|Win32.ActiveCfg = profile|Win32
		{EE4B6CD3-BBF7-360B-99D1-FDE22489D3EB}.profile|Win32.Build.0 = profile|Win32
		{EE4B6CD3-BBF7-360B-99D1-FDE22489D3EB}.release|Win32.ActiveCfg = release|Win32
		{EE4B6CD3-BBF7-360B-99D1-FDE22489D3EB}.release|Win32.Build.0 = release|Win32
		{864597CA-C9D1-37B8-84C7-B6BF698E47A9}.debug|Win32.ActiveCfg = debug|Win32
		{864597CA-C9D1-37B8-84C7-B6BF698E47A9}.debug|Win32.Build.0 = debug|Win32
		{864597CA-C9D1-37B8-84C7-B6BF698E47A9}.checked|Win32.ActiveCfg = checked|Win32
		{864597CA-C9D1-37B8-84C7-B6BF698E47A9}.checked|Win32.Build.0 = checked|Win32
		{864597CA-C9D1-37B8-84C7-B6BF698E47A9}.profile|Win32.ActiveCfg = profile|Win32
		{864597CA-C9D1-37B8-84C7-B6BF698E47A9}.profile|Win32.Build.0 = profile|Win32
		{864597CA-C9D1-37B8-84C7-B6BF698E47A9}.release|Win32.ActiveCfg = release|Win32
		{864597CA-C9D1-37B8-84C7-B6BF698E47A9}.release|Win32.Build.0 = release|Win32
		{D4814EF6-EA60-3633-8187-B280FB9D5E7E}.debug|Win32.ActiveCfg = debug|Win32
		{D4814EF6-EA60-3633-8187-B280FB9D5E7E}.debug|Win32.Build.0 = debug|Win32
		{D4814EF6-EA60-3633-8187-B280FB9D5E7E}.checked|Win32.ActiveCfg = checked|Win32
		{D4814EF6-EA60-3633-8187-B280FB9D5E7E}.checked|Win32.Build.0 = checked|Win32
		{D4814EF6-EA60-3633-8187-B280FB9D5E7E}.profile|Win32.ActiveCfg = profile|Win32
		{D4814EF6-EA60-3633-8187-B280FB9D5E7E}.profile|Win32.Build.0 = profile|Win32
		{D4814EF6-EA60-3633-8187-B280FB9D5E7E}.release|Win32.ActiveCfg = release|Win32
		{D4814EF6-EA60-3633-8187-B280FB9D5E7E}.release|Win32.Build.0 = release|Win32
		{FA31E97A-C0F4-33BF-89C1-F5DE97BBDAA3}.debug|Win32.ActiveCfg = debug|Win32
		{FA31E97A-C0F4-33BF-89C1-F5DE97BBDAA3}.debug|Win32.Build.0 = debug|Win32
		{FA31E97A-C0F4-33BF-89C1-F5DE97BBDAA3}.checked|Win32.ActiveCfg = checked|Win32
		{FA31E97A-C0F4-33BF-89C1-F5DE97BBDAA3}.checked|Win32.Build.0 = checked|Win32
		{FA31E97A-C0F4-33BF-89C1-F5DE97BBDAA3}.profile|Win32.ActiveCfg = profile|Win32
		{FA31E97A-C0F4-33BF-89C1-F5DE97BBDAA3}.profile|Win32.Build.0 = profile|Win32
		{FA31E97A-C0F4-33BF-89C1-F5DE97BBDAA3}.release|Win32.ActiveCfg = release|Win32
		{FA31E97A-C0F4-33BF-89C1-F5DE97BBDAA3}.release|Win32.Build.0 = release|Win32
		{AA5E3079-FEC6-31B9-96B6-82C2F65E7DD2}.debug|Win32.ActiveCfg = debug|Win32
		{AA5E3079-FEC6-31B9-96B6-82C2F65E7DD2}.debug|Win32.Build.0 = debug|Win32
		{AA5E3079-FEC6-31B9-96B6-82C2F65E7DD2}.checked|Win32.ActiveCfg = checked|Win32
		{AA5E3079-FEC6-31B9-96B6-82C2F65E7DD2}.checked|Win32.Build.0 = checked|Win32
		{AA5E3079-FEC6-31B9-96B6-82C2F65E7DD2}.profile|Win32.ActiveCfg = profile|Win32
		{AA5E3079-FEC6-31B9-96B6-82C2F65E7DD2}.profile|Win32.Build.0 = profile|Win32
		{AA5E3079-FEC6-31B9-96B6-82C2F65E7DD2}.release|Win32.ActiveCfg = release|Win32
		{AA5E3079-FEC6-31B9-96B6-82C2F65E7DD2}.release|Win32.Build.0 = release|Win32
		{F61DBDEB-222D-3284-8970-E133F3593915}.debug|Win32.ActiveCfg = debug|Win32
		{F61DBDEB-222D-3284-8970-E133F3593915}.debug|Win32.Build.0 = debug|Win32
		{F61DBDEB-222D-3284-8970-E133F3593915}.checked|Win32.ActiveCfg = checked|Win32
		{F61DBDEB-222D-3284-8970-E133F3593915}.checked|Win32.Build.0 = checked|Win32
		{F61DBDEB-222D-3284-8970-E133F3593915}.profile|Win32.ActiveCfg = profile|Win32
		{F61DBDEB-222D-3284-8970-E133F3593915}.profile|Win32.Build.0 = profile|Win32
		{F61DBDEB-222D-3284-8970-E133F3593915}.release|Win32.ActiveCfg = release|Win32
		{F61DBDEB-222D-3284-8970-E133F3593915}.release|Win32.Build.0 = release|Win32
		{593BA43E-20E2-3397-A2C1-24F877988150}.debug|Win32.ActiveCfg = debug|Win32
		{593BA43E-20E2-3397-A2C1-24F877988150}.debug|Win32.Build.0 = debug|Win32
		{593BA43E-20E2-3397-A2C1-24F877988150}.checked|Win32.ActiveCfg = checked|Win32
		{593BA43E-20E2-3397-A2C1-24F877988150}.checked|Win32.Build.0 = checked|Win32
		{593BA43E-20E2-3397-A2C1-24F877988150}.profile|Win32.ActiveCfg = profile|Win32
		{593BA43E-20E2-3397-A2C1-24F877988150}.profile|Win32.Build.0 = profile|Win32
		{593BA43E-20E2-3397-A2C1-24F877988150}.release|Win32.ActiveCfg = release|Win32
		{593BA43E-20E2-3397-A2C1-24F877988150}.release|Win32.Build.0 = release|Win32
		{554EC38A-4A20-3B8C-9783-9CE948090E1C}.debug|Win32.ActiveCfg = debug|Win32
		{554EC38A-4A20-3B8C-9783-9CE948090E1C}.debug|Win32.Build.0 = debug|Win32
		{554EC38A-4A20-3B8C-9783-9CE948090E1C}.checked|Win32.ActiveCfg = checked|Win32
		{554EC38A-4A20-3B8C-9783-9CE948090E1C}.checked|Win32.Build.0 = checked|Win32
		{554EC38A-4A20-3B8C-9783-9CE948090E1C}.profile|Win32.ActiveCfg = profile|Win32
		{554EC38A-4A20-3B8C-9783-9CE948090E1C}.profile|Win32.Build.0 = profile|Win32
		{554EC38A-4A20-3B8C-9783-9CE948090E1C}.release|Win32.ActiveCfg = release|Win32
		{554EC38A-4A20-3B8C-9783-9CE948090E1C}.release|Win32.Build.0 = release|Win32
		{5553578C-B105-3A84-8D17-84D28CD15C5C}.debug|Win32.ActiveCfg = debug|Win32
		{5553578C-B105-3A84-8D17-84D28CD15C5C}.debug|Win32.Build.0 = debug|Win32
		{5553578C-B105-3A84-8D17-84D28CD15C5C}.checked|Win32.ActiveCfg = checked|Win32
		{5553578C-B105-3A84-8D17-84D28CD15C5C}.checked|Win32.Build.0 = checked|Win32
		{5553578C-B105-3A84-8D17-84D28CD15C5C}.profile|Win32.ActiveCfg = profile|Win32
		{5553578C-B105-3A84-8D17-84D28CD15C5C}.profile|Win32.Build.0 = profile|Win32
		{5553578C-B105-3A84-8D17-84D28CD15C5C}.release|Win32.ActiveCfg = release|Win32
		{5553578C-B105-3A84-8D17-84D28CD15C5C}.release|Win32.Build.0 = release|Win32
		{F97BC8F1-BD42-30F5-B38E-027B0364E677}.debug|Win32.ActiveCfg = debug|Win32
		{F97BC8F1-BD42-30F5-B38E-027B0364E677}.debug|Win32.Build.0 = debug|Win32
		{F97BC8F1-BD42-30F5-B38E-027B0364E677}.checked|Win32.ActiveCfg = checked|Win32
		{F97BC8F1-BD42-30F5-B38E-027B0364E677}.checked|Win32.Build.0 = checked|Win32
		{F97BC8F1-BD42-30F5-B38E-027B0364E677}.profile|Win32.ActiveCfg = profile|Win32
		{F97BC8F1-BD42-30F5-B38E-027B0364E677}.profile|Win32.Build.0 = profile|Win32
		{F97BC8F1-BD42-30F5-B38E-027B0364E677}.release|Win32.ActiveCfg = release|Win32
		{F97BC8F1-BD42-30F5-B38E-027B0364E677}.release|Win32.Build.0 = release|Win32
		{57FFBB31-05EA-3653-A399-3241ACBFAAFB}.debug|Win32.ActiveCfg = debug|Win32
		{57FFBB31-05EA-3653-A399-3241ACBFAAFB}.debug|Win32.Build.0 = debug|Win32
		{57FFBB31-05EA-3653-A399-3241ACBFAAFB}.checked|Win32.ActiveCfg = checked|Win32
		{57FFBB31-05EA-3653-A399-3241ACBFAAFB}.checked|Win32.Build.0 = checked|Win32
		{57FFBB31-05EA-3653-A399-3241ACBFAAFB}.profile|Win32.ActiveCfg = profile|Win32
		{57FFBB31-05EA-3653-A399-3241ACBFAAFB}.profile|Win32.Build.0 = profile|Win32
		{57FFBB31-05EA-3653-A399-3241ACBFAAFB}.release|Win32.ActiveCfg = release|Win32
		{57FFBB31-05EA-3653-A399-3241ACBFAAFB}.release|Win32.Build.0 = release|Win32
		{C2506736-EF3D-35C6-B62D-A563BC7B14B1}.debug|Win32.ActiveCfg = debug|Win32
		{C2506736-EF3D-35C6-B62D-A563BC7B14B1}.debug|Win32.Build.0 = debug|Win32
		{C2506736-EF3D-35C6-B62D-A563BC7B14B1}.checked|Win32.ActiveCfg = checked|Win32
		{C2506736-EF3D-35C6-B62D-A563BC7B14B1}.checked|Win32.Build.0 = checked|Win32
		{C2506736-EF3D-35C6-B62D-A563BC7B14B1}.profile|Win32.ActiveCfg = profile|Win32
		{C2506736-EF3D-35C6-B62D-A563BC7B14B1}.profile|Win32.Build.0 = profile|Win32
		{C2506736-EF3D-35C6-B62D-A563BC7B14B1}.release|Win32.ActiveCfg = release|Win32
		{C2506736-EF3D-35C6-B62D-A563BC7B14B1}.release|Win32.Build.0 = release|Win32
		{6DA490CB-7B14-3DBF-9748-CE038DB49351}.debug|Win32.ActiveCfg = debug|Win32
		{6DA490CB-7B14-3DBF-9748-CE038DB49351}.debug|Win32.Build.0 = debug|Win32
		{6DA490CB-7B14-3DBF-9748-CE038DB49351}.checked|Win32.ActiveCfg = checked|Win32
		{6DA490CB-7B14-3DBF-9748-CE038DB49351}.checked|Win32.Build.0 = checked|Win32
		{6DA490CB-7B14-3DBF-9748-CE038DB49351}.profile|Win32.ActiveCfg = profile|Win32
		{6DA490CB-7B14-3DBF-9748-CE038DB49351}.profile|Win32.Build.0 = profile|Win32
		{6DA490CB-7B14-3DBF-9748-CE038DB49351}.release|Win32.ActiveCfg = release|Win32
		{6DA490CB-7B14-3DBF-9748-CE038DB49351}.release|Win32.Build.0 = release|Win32
		{C1CB48E1-9A8C-38DF-955C-146CFDE4C294}.debug|Win32.ActiveCfg = debug|Win32
		{C1CB48E1-9A8C-38DF-955C-146CFDE4C294}.debug|Win32.Build.0 = debug|Win32
		{C1CB48E1-9A8C-38DF-955C-146CFDE4C294}.checked|Win32.ActiveCfg = checked|Win32
		{C1CB48E1-9A8C-38DF-955C-146CFDE4C294}.checked|Win32.Build.0 = checked|Win32
		{C1CB48E1-9A8C-38DF-955C-146CFDE4C294}.profile|Win32.ActiveCfg = profile|Win32
		{C1CB48E1-9A8C-38DF-955C-146CFDE4C294}.profile|Win32.Build.0 = profile|Win32
		{C1CB48E1-9A8C-38DF-955C-146CFDE4C294}.release|Win32.ActiveCfg = release|Win32
		{C1CB48E1-9A8C-38DF-955C-146CFDE4C294}.release|Win32.Build.0 = release|Win32
		{B83E0B1E-253B-3EC3-B2CD-07CD156113A8}.debug|Win32.ActiveCfg = debug|Win32
		{B83E0B1E-253B-3EC3-B2CD-07CD156113A8}.debug|Win32.Build.0 = debug|Win32
		{B83E0B1E-253B-3EC3-B2CD-07CD156113A8}.checked|Win32.ActiveCfg = checked|Win32
		{B83E0B1E-253B-3EC3-B2CD-07CD156113A8}.checked|Win32.Build.0 = checked|Win32
		{B83E0B1E-253B-3EC3-B2CD-07CD156113A8}.profile|Win32.ActiveCfg = profile|Win32
		{B83E0B1E-253B-3EC3-B2CD-07CD156113A8}.profile|Win32.Build.0 = profile|Win32
		{B83E0B1E-253B-3EC3-B2CD-07CD156113A8}.release|Win32.ActiveCfg = release|Win32
		{B83E0B1E-253B-3EC3-B2CD-07CD156113A8}.release|Win32.Build.0 = release|Win32
		{24BFACE3-CBB3-3510-A28C-787E9FDB55F1}.debug|Win32.ActiveCfg = debug|Win32
		{24BFACE3-CBB3-3510-A28C-787E9FDB55F1}.debug|Win32.Build.0 = debug|Win32
		{24BFACE3-CBB3-3510-A28C-787E9FDB55F1}.checked|Win32.ActiveCfg = checked|Win32
		{24BFACE3-CBB3-3510-A28C-787E9FDB55F1}.checked|Win32.Build.0 = checked|Win32
		{24BFACE3-CBB3-3510-A28C-787E9FDB55F1}.profile|Win32.ActiveCfg = profile|Win32
		{24BFACE3-CBB3-3510-A28C-787E9FDB55F1}.profile|Win32.Build.0 = profile|Win32
		{24BFACE3-CBB3-3510-A28C-787E9FDB55F1}.release|Win32.ActiveCfg = release|Win32
		{24BFACE3-CBB3-3510-A28C-787E9FDB55F1}.release|Win32.Build.0 = release|Win32
		{713493A4-827D-3D09-9227-268BDC0355A5}.debug|Win32.ActiveCfg = debug|Win32
		{713493A4-827D-3D09-9227-268BDC0355A5}.debug|Win32.Build.0 = debug|Win32
		{713493A4-827D-3D09-9227-268BDC0355A5}.checked|Win32.ActiveCfg = checked|Win32
		{713493A4-827D-3D09-9227-268BDC0355A5}.checked|Win32.Build.0 = checked|Win32
		{713493A4-827D-3D09-9227-268BDC0355A5}.profile|Win32.ActiveCfg = profile|Win32
		{713493A4-827D-3D09-9227-268BDC0355A5}.profile|Win32.Build.0 = profile|Win32
		{713493A4-827D-3D09-9227-268BDC0355A5}.release|Win32.ActiveCfg = release|Win32
		{713493A4-827D-3D09-9227-268BDC0355A5}.release|Win32.Build.0 = release|Win32
		{C95765F0-B7E7-3E3E-8971-2110C79CF223}.debug|Win32.ActiveCfg = debug|Win32
		{C95765F0-B7E7-3E3E-8971-2110C79CF223}.debug|Win32.Build.0 = debug|Win32
		{C95765F0-B7E7-3E3E-8971-2110C79CF223}.checked|Win32.ActiveCfg = checked|Win32
		{C95765F0-B7E7-3E3E-8971-2110C79CF223}.checked|Win32.Build.0 = checked|Win32
		{C95765F0-B7E7-3E3E-8971-2110C79CF223}.profile|Win32.ActiveCfg = profile|Win32
		{C95765F0-B7E7-3E3E-8971-2110C79CF223}.profile|Win32.Build.0 = profile|Win32
		{C95765F0-B7E7-3E3E-8971-2110C79CF223}.release|Win32.ActiveCfg = release|Win32
		{C95765F0-B7E7-3E3E-8971-2110C79CF223}.release|Win32.Build.0 = release|Win32
		{BE715C77-D6A2-30D4-97BD-F891DD0C4171}.debug|Win32.ActiveCfg = debug|Win32
		{BE715C77-D6A2-30D4-97BD-F891DD0C4171}.debug|Win32.Build.0 = debug|Win32
		{BE715C77-D6A2-30D4-97BD-F891DD0C4171}.checked|Win32.ActiveCfg = checked|Win32
		{BE715C77-D6A2-30D4-97BD-F891DD0C4171}.checked|Win32.Build.0 = checked|Win32
		{BE715C77-D6A2-30D4-97BD-F891DD0C4171}.profile|Win32.ActiveCfg = profile|Win32
		{BE715C77-D6A2-30D4-97BD-F891DD0C4171}.profile|Win32.Build.0 = profile|Win32
		{BE715C77-D6A2-30D4-97BD-F891DD0C4171}.release|Win32.ActiveCfg = release|Win32
		{BE715C77-D6A2-30D4-97BD-F891DD0C4171}.release|Win32.Build.0 = release|Win32
	EndGlobalSection
	GlobalSection(NestedProjects) = preSolution
		{09E7810A-FEA8-3D58-8B81-9C2E3B809092} = {ACEE42A9-4297-3CF4-B877-9818FE3D5ED6}
		{32CBEDEA-3CF6-37BC-A9CB-81C4511C25B7} = {ACEE42A9-4297-3CF4-B877-9818FE3D5ED6}
		{BE715C77-D6A2-30D4-97BD-F891DD0C4171} = {ACEE42A9-4297-3CF4-B877-9818FE3D5ED6}
		{37682E31-71B8-3A2A-B7C2-48EF4DE19333} = {347C57DF-0D9D-341D-97EC-09824B0480DE}
		{D440C129-5938-39DD-83F6-96F1C4077AC7} = {347C57DF-0D9D-341D-97EC-09824B0480DE}
		{1FC14082-935D-3B65-ABEB-EA4281D14334} = {347C57DF-0D9D-341D-97EC-09824B0480DE}
		{EE4B6CD3-BBF7-360B-99D1-FDE22489D3EB} = {347C57DF-0D9D-341D-97EC-09824B0480DE}
		{864597CA-C9D1-37B8-84C7-B6BF698E47A9} = {347C57DF-0D9D-341D-97EC-09824B0480DE}
		{D4814EF6-EA60-3633-8187-B280FB9D5E7E} = {347C57DF-0D9D-341D-97EC-09824B0480DE}
		{FA31E97A-C0F4-33BF-89C1-F5DE97BBDAA3} = {347C57DF-0D9D-341D-97EC-09824B0480DE}
		{AA5E3079-FEC6-31B9-96B6-82C2F65E7DD2} = {347C57DF-0D9D-341D-97EC-09824B0480DE}
		{F61DBDEB-222D-3284-8970-E133F3593915} = {347C57DF-0D9D-341D-97EC-09824B0480DE}
		{593BA43E-20E2-3397-A2C1-24F877988150} = {347C57DF-0D9D-341D-97EC-09824B0480DE}
		{554EC38A-4A20-3B8C-9783-9CE948090E1C} = {347C57DF-0D9D-341D-97EC-09824B0480DE}
		{5553578C-B105-3A84-8D17-84D28CD15C5C} = {347C57DF-0D9D-341D-97EC-09824B0480DE}
		{F97BC8F1-BD42-30F5-B38E-027B0364E677} = {347C57DF-0D9D-341D-97EC-09824B0480DE}
		{713493A4-827D-3D09-9227-268BDC0355A5} = {347C57DF-0D9D-341D-97EC-09824B0480DE}
		{C95765F0-B7E7-3E3E-8971-2110C79CF223} = {347C57DF-0D9D-341D-97EC-09824B0480DE}
		{57FFBB31-05EA-3653-A399-3241ACBFAAFB} = {E9990CCE-B6D3-33BE-82F4-F5A8EE1755EF}
		{C2506736-EF3D-35C6-B62D-A563BC7B14B1} = {E9990CCE-B6D3-33BE-82F4-F5A8EE1755EF}
		{6DA490CB-7B14-3DBF-9748-CE038DB49351} = {E9990CCE-B6D3-33BE-82F4-F5A8EE1755EF}
		{C1CB48E1-9A8C-38DF-955C-146CFDE4C294} = {E9990CCE-B6D3-33BE-82F4-F5A8EE1755EF}
		{B83E0B1E-253B-3EC3-B2CD-07CD156113A8} = {E9990CCE-B6D3-33BE-82F4-F5A8EE1755EF}
		{24BFACE3-CBB3-3510-A28C-787E9FDB55F1} = {E9990CCE-B6D3-33BE-82F4-F5A8EE1755EF}
	EndGlobalSection
	GlobalSection(ExtensibilityGlobals) = postSolution
		SolutionGuid = {567EBCD2-2076-396F-8B1A-A35E96E21E5C}
	EndGlobalSection
	GlobalSection(ExtensibilityAddIns) = postSolution
	EndGlobalSection
EndGlobal
