
Microsoft Visual Studio Solution File, Format Version 12.00
# Visual Studio 15
Project("{2150E333-8FDC-42A3-9474-1A3956D46DE8}") = "CMakePredefinedTargets", "CMakePredefinedTargets", "{723BFC58-2A8B-3FA4-9D31-8C5B512EF3A8}"
EndProject
Project("{2150E333-8FDC-42A3-9474-1A3956D46DE8}") = "PhysX SDK", "PhysX SDK", "{5799EF41-8EFE-3BD0-8060-28E4AB56AFE8}"
EndProject
Project("{8BC9CEB8-8B4A-11D0-8D11-00A0C91BC942}") = "ALL_BUILD", "ALL_BUILD.vcxproj", "{7D78C847-701E-36DB-A6FB-CAFAE440080D}"
	ProjectSection(ProjectDependencies) = postProject
		{6ECD6ABC-89C9-373D-BF73-49B74E574C5D} = {6ECD6ABC-89C9-373D-BF73-49B74E574C5D}
		{6B582D92-C61D-39A5-AB00-96F73335C898} = {6B582D92-C61D-39A5-AB00-96F73335C898}
		{1D234D66-C20F-3C57-AF98-5F2ACCA83216} = {1D234D66-C20F-3C57-AF98-5F2ACCA83216}
		{5B6729E7-EB7A-31A3-859D-99120CAC04FE} = {5B6729E7-EB7A-31A3-859D-99120CAC04FE}
		{BAC6107F-4DC7-3343-88A2-DCC68E1C043C} = {BAC6107F-4DC7-3343-88A2-DCC68E1C043C}
		{8041DDCC-3E9D-3529-B574-D2940454ED7B} = {8041DDCC-3E9D-3529-B574-D2940454ED7B}
		{39B67970-8C4A-307E-B612-408185218BEF} = {39B67970-8C4A-307E-B612-408185218BEF}
		{52C72CAF-3601-3D9F-A0A0-C35382FA0268} = {52C72CAF-3601-3D9F-A0A0-C35382FA0268}
		{9931106F-00C7-34C4-AEDE-455E917D92EE} = {9931106F-00C7-34C4-AEDE-455E917D92EE}
		{83CF1895-52CA-3C5B-A233-FF26977ED4DA} = {83CF1895-52CA-3C5B-A233-FF26977ED4DA}
		{7C13227C-F20D-3EB0-B758-A6C129524A07} = {7C13227C-F20D-3EB0-B758-A6C129524A07}
		{752C9306-85F2-37D3-9247-FBBADCD8FD08} = {752C9306-85F2-37D3-9247-FBBADCD8FD08}
		{7CF0D705-EA4F-328B-B23A-03E3CEC6EB13} = {7CF0D705-EA4F-328B-B23A-03E3CEC6EB13}
		{C86B56A0-B751-36C6-AD6C-C1E973B9F431} = {C86B56A0-B751-36C6-AD6C-C1E973B9F431}
		{06A97887-4EE4-3EB1-B307-DE7177C94359} = {06A97887-4EE4-3EB1-B307-DE7177C94359}
		{3444D6A1-9930-3498-853C-83FC61CB658C} = {3444D6A1-9930-3498-853C-83FC61CB658C}
	EndProjectSection
EndProject
Project("{8BC9CEB8-8B4A-11D0-8D11-00A0C91BC942}") = "FastXml", "FastXml.vcxproj", "{6ECD6ABC-89C9-373D-BF73-49B74E574C5D}"
	ProjectSection(ProjectDependencies) = postProject
		{3444D6A1-9930-3498-853C-83FC61CB658C} = {3444D6A1-9930-3498-853C-83FC61CB658C}
	EndProjectSection
EndProject
Project("{8BC9CEB8-8B4A-11D0-8D11-00A0C91BC942}") = "INSTALL", "INSTALL.vcxproj", "{07347C5F-ABE0-3AA7-9E6F-87330CCB390A}"
	ProjectSection(ProjectDependencies) = postProject
		{7D78C847-701E-36DB-A6FB-CAFAE440080D} = {7D78C847-701E-36DB-A6FB-CAFAE440080D}
		{3444D6A1-9930-3498-853C-83FC61CB658C} = {3444D6A1-9930-3498-853C-83FC61CB658C}
	EndProjectSection
EndProject
Project("{8BC9CEB8-8B4A-11D0-8D11-00A0C91BC942}") = "LowLevel", "LowLevel.vcxproj", "{6B582D92-C61D-39A5-AB00-96F73335C898}"
	ProjectSection(ProjectDependencies) = postProject
		{3444D6A1-9930-3498-853C-83FC61CB658C} = {3444D6A1-9930-3498-853C-83FC61CB658C}
	EndProjectSection
EndProject
Project("{8BC9CEB8-8B4A-11D0-8D11-00A0C91BC942}") = "LowLevelAABB", "LowLevelAABB.vcxproj", "{1D234D66-C20F-3C57-AF98-5F2ACCA83216}"
	ProjectSection(ProjectDependencies) = postProject
		{3444D6A1-9930-3498-853C-83FC61CB658C} = {3444D6A1-9930-3498-853C-83FC61CB658C}
	EndProjectSection
EndProject
Project("{8BC9CEB8-8B4A-11D0-8D11-00A0C91BC942}") = "LowLevelDynamics", "LowLevelDynamics.vcxproj", "{5B6729E7-EB7A-31A3-859D-99120CAC04FE}"
	ProjectSection(ProjectDependencies) = postProject
		{3444D6A1-9930-3498-853C-83FC61CB658C} = {3444D6A1-9930-3498-853C-83FC61CB658C}
	EndProjectSection
EndProject
Project("{8BC9CEB8-8B4A-11D0-8D11-00A0C91BC942}") = "PhysX", "PhysX.vcxproj", "{BAC6107F-4DC7-3343-88A2-DCC68E1C043C}"
	ProjectSection(ProjectDependencies) = postProject
		{6B582D92-C61D-39A5-AB00-96F73335C898} = {6B582D92-C61D-39A5-AB00-96F73335C898}
		{1D234D66-C20F-3C57-AF98-5F2ACCA83216} = {1D234D66-C20F-3C57-AF98-5F2ACCA83216}
		{5B6729E7-EB7A-31A3-859D-99120CAC04FE} = {5B6729E7-EB7A-31A3-859D-99120CAC04FE}
		{39B67970-8C4A-307E-B612-408185218BEF} = {39B67970-8C4A-307E-B612-408185218BEF}
		{83CF1895-52CA-3C5B-A233-FF26977ED4DA} = {83CF1895-52CA-3C5B-A233-FF26977ED4DA}
		{7C13227C-F20D-3EB0-B758-A6C129524A07} = {7C13227C-F20D-3EB0-B758-A6C129524A07}
		{752C9306-85F2-37D3-9247-FBBADCD8FD08} = {752C9306-85F2-37D3-9247-FBBADCD8FD08}
		{C86B56A0-B751-36C6-AD6C-C1E973B9F431} = {C86B56A0-B751-36C6-AD6C-C1E973B9F431}
		{06A97887-4EE4-3EB1-B307-DE7177C94359} = {06A97887-4EE4-3EB1-B307-DE7177C94359}
		{3444D6A1-9930-3498-853C-83FC61CB658C} = {3444D6A1-9930-3498-853C-83FC61CB658C}
	EndProjectSection
EndProject
Project("{8BC9CEB8-8B4A-11D0-8D11-00A0C91BC942}") = "PhysXCharacterKinematic", "PhysXCharacterKinematic.vcxproj", "{8041DDCC-3E9D-3529-B574-D2940454ED7B}"
	ProjectSection(ProjectDependencies) = postProject
		{83CF1895-52CA-3C5B-A233-FF26977ED4DA} = {83CF1895-52CA-3C5B-A233-FF26977ED4DA}
		{3444D6A1-9930-3498-853C-83FC61CB658C} = {3444D6A1-9930-3498-853C-83FC61CB658C}
	EndProjectSection
EndProject
Project("{8BC9CEB8-8B4A-11D0-8D11-00A0C91BC942}") = "PhysXCommon", "PhysXCommon.vcxproj", "{39B67970-8C4A-307E-B612-408185218BEF}"
	ProjectSection(ProjectDependencies) = postProject
		{83CF1895-52CA-3C5B-A233-FF26977ED4DA} = {83CF1895-52CA-3C5B-A233-FF26977ED4DA}
		{3444D6A1-9930-3498-853C-83FC61CB658C} = {3444D6A1-9930-3498-853C-83FC61CB658C}
	EndProjectSection
EndProject
Project("{8BC9CEB8-8B4A-11D0-8D11-00A0C91BC942}") = "PhysXCooking", "PhysXCooking.vcxproj", "{52C72CAF-3601-3D9F-A0A0-C35382FA0268}"
	ProjectSection(ProjectDependencies) = postProject
		{39B67970-8C4A-307E-B612-408185218BEF} = {39B67970-8C4A-307E-B612-408185218BEF}
		{83CF1895-52CA-3C5B-A233-FF26977ED4DA} = {83CF1895-52CA-3C5B-A233-FF26977ED4DA}
		{3444D6A1-9930-3498-853C-83FC61CB658C} = {3444D6A1-9930-3498-853C-83FC61CB658C}
	EndProjectSection
EndProject
Project("{8BC9CEB8-8B4A-11D0-8D11-00A0C91BC942}") = "PhysXExtensions", "PhysXExtensions.vcxproj", "{9931106F-00C7-34C4-AEDE-455E917D92EE}"
	ProjectSection(ProjectDependencies) = postProject
		{6ECD6ABC-89C9-373D-BF73-49B74E574C5D} = {6ECD6ABC-89C9-373D-BF73-49B74E574C5D}
		{BAC6107F-4DC7-3343-88A2-DCC68E1C043C} = {BAC6107F-4DC7-3343-88A2-DCC68E1C043C}
		{39B67970-8C4A-307E-B612-408185218BEF} = {39B67970-8C4A-307E-B612-408185218BEF}
		{83CF1895-52CA-3C5B-A233-FF26977ED4DA} = {83CF1895-52CA-3C5B-A233-FF26977ED4DA}
		{7C13227C-F20D-3EB0-B758-A6C129524A07} = {7C13227C-F20D-3EB0-B758-A6C129524A07}
		{3444D6A1-9930-3498-853C-83FC61CB658C} = {3444D6A1-9930-3498-853C-83FC61CB658C}
	EndProjectSection
EndProject
Project("{8BC9CEB8-8B4A-11D0-8D11-00A0C91BC942}") = "PhysXFoundation", "PhysXFoundation.vcxproj", "{83CF1895-52CA-3C5B-A233-FF26977ED4DA}"
	ProjectSection(ProjectDependencies) = postProject
		{3444D6A1-9930-3498-853C-83FC61CB658C} = {3444D6A1-9930-3498-853C-83FC61CB658C}
	EndProjectSection
EndProject
Project("{8BC9CEB8-8B4A-11D0-8D11-00A0C91BC942}") = "PhysXPvdSDK", "PhysXPvdSDK.vcxproj", "{7C13227C-F20D-3EB0-B758-A6C129524A07}"
	ProjectSection(ProjectDependencies) = postProject
		{83CF1895-52CA-3C5B-A233-FF26977ED4DA} = {83CF1895-52CA-3C5B-A233-FF26977ED4DA}
		{3444D6A1-9930-3498-853C-83FC61CB658C} = {3444D6A1-9930-3498-853C-83FC61CB658C}
	EndProjectSection
EndProject
Project("{8BC9CEB8-8B4A-11D0-8D11-00A0C91BC942}") = "PhysXTask", "PhysXTask.vcxproj", "{752C9306-85F2-37D3-9247-FBBADCD8FD08}"
	ProjectSection(ProjectDependencies) = postProject
		{3444D6A1-9930-3498-853C-83FC61CB658C} = {3444D6A1-9930-3498-853C-83FC61CB658C}
	EndProjectSection
EndProject
Project("{8BC9CEB8-8B4A-11D0-8D11-00A0C91BC942}") = "PhysXVehicle", "PhysXVehicle.vcxproj", "{7CF0D705-EA4F-328B-B23A-03E3CEC6EB13}"
	ProjectSection(ProjectDependencies) = postProject
		{83CF1895-52CA-3C5B-A233-FF26977ED4DA} = {83CF1895-52CA-3C5B-A233-FF26977ED4DA}
		{7C13227C-F20D-3EB0-B758-A6C129524A07} = {7C13227C-F20D-3EB0-B758-A6C129524A07}
		{3444D6A1-9930-3498-853C-83FC61CB658C} = {3444D6A1-9930-3498-853C-83FC61CB658C}
	EndProjectSection
EndProject
Project("{8BC9CEB8-8B4A-11D0-8D11-00A0C91BC942}") = "SceneQuery", "SceneQuery.vcxproj", "{C86B56A0-B751-36C6-AD6C-C1E973B9F431}"
	ProjectSection(ProjectDependencies) = postProject
		{3444D6A1-9930-3498-853C-83FC61CB658C} = {3444D6A1-9930-3498-853C-83FC61CB658C}
	EndProjectSection
EndProject
Project("{8BC9CEB8-8B4A-11D0-8D11-00A0C91BC942}") = "SimulationController", "SimulationController.vcxproj", "{06A97887-4EE4-3EB1-B307-DE7177C94359}"
	ProjectSection(ProjectDependencies) = postProject
		{3444D6A1-9930-3498-853C-83FC61CB658C} = {3444D6A1-9930-3498-853C-83FC61CB658C}
	EndProjectSection
EndProject
Project("{8BC9CEB8-8B4A-11D0-8D11-00A0C91BC942}") = "ZERO_CHECK", "..\\ZERO_CHECK.vcxproj", "{3444D6A1-9930-3498-853C-83FC61CB658C}"
	ProjectSection(ProjectDependencies) = postProject
	EndProjectSection
EndProject
Global
	GlobalSection(SolutionConfigurationPlatforms) = preSolution
		debug|x64 = debug|x64
		checked|x64 = checked|x64
		profile|x64 = profile|x64
		release|x64 = release|x64
	EndGlobalSection
	GlobalSection(ProjectConfigurationPlatforms) = postSolution
		{7D78C847-701E-36DB-A6FB-CAFAE440080D}.debug|x64.ActiveCfg = debug|x64
		{7D78C847-701E-36DB-A6FB-CAFAE440080D}.debug|x64.Build.0 = debug|x64
		{7D78C847-701E-36DB-A6FB-CAFAE440080D}.checked|x64.ActiveCfg = checked|x64
		{7D78C847-701E-36DB-A6FB-CAFAE440080D}.checked|x64.Build.0 = checked|x64
		{7D78C847-701E-36DB-A6FB-CAFAE440080D}.profile|x64.ActiveCfg = profile|x64
		{7D78C847-701E-36DB-A6FB-CAFAE440080D}.profile|x64.Build.0 = profile|x64
		{7D78C847-701E-36DB-A6FB-CAFAE440080D}.release|x64.ActiveCfg = release|x64
		{7D78C847-701E-36DB-A6FB-CAFAE440080D}.release|x64.Build.0 = release|x64
		{6ECD6ABC-89C9-373D-BF73-49B74E574C5D}.debug|x64.ActiveCfg = debug|x64
		{6ECD6ABC-89C9-373D-BF73-49B74E574C5D}.debug|x64.Build.0 = debug|x64
		{6ECD6ABC-89C9-373D-BF73-49B74E574C5D}.checked|x64.ActiveCfg = checked|x64
		{6ECD6ABC-89C9-373D-BF73-49B74E574C5D}.checked|x64.Build.0 = checked|x64
		{6ECD6ABC-89C9-373D-BF73-49B74E574C5D}.profile|x64.ActiveCfg = profile|x64
		{6ECD6ABC-89C9-373D-BF73-49B74E574C5D}.profile|x64.Build.0 = profile|x64
		{6ECD6ABC-89C9-373D-BF73-49B74E574C5D}.release|x64.ActiveCfg = release|x64
		{6ECD6ABC-89C9-373D-BF73-49B74E574C5D}.release|x64.Build.0 = release|x64
		{07347C5F-ABE0-3AA7-9E6F-87330CCB390A}.debug|x64.ActiveCfg = debug|x64
		{07347C5F-ABE0-3AA7-9E6F-87330CCB390A}.checked|x64.ActiveCfg = checked|x64
		{07347C5F-ABE0-3AA7-9E6F-87330CCB390A}.profile|x64.ActiveCfg = profile|x64
		{07347C5F-ABE0-3AA7-9E6F-87330CCB390A}.release|x64.ActiveCfg = release|x64
		{6B582D92-C61D-39A5-AB00-96F73335C898}.debug|x64.ActiveCfg = debug|x64
		{6B582D92-C61D-39A5-AB00-96F73335C898}.debug|x64.Build.0 = debug|x64
		{6B582D92-C61D-39A5-AB00-96F73335C898}.checked|x64.ActiveCfg = checked|x64
		{6B582D92-C61D-39A5-AB00-96F73335C898}.checked|x64.Build.0 = checked|x64
		{6B582D92-C61D-39A5-AB00-96F73335C898}.profile|x64.ActiveCfg = profile|x64
		{6B582D92-C61D-39A5-AB00-96F73335C898}.profile|x64.Build.0 = profile|x64
		{6B582D92-C61D-39A5-AB00-96F73335C898}.release|x64.ActiveCfg = release|x64
		{6B582D92-C61D-39A5-AB00-96F73335C898}.release|x64.Build.0 = release|x64
		{1D234D66-C20F-3C57-AF98-5F2ACCA83216}.debug|x64.ActiveCfg = debug|x64
		{1D234D66-C20F-3C57-AF98-5F2ACCA83216}.debug|x64.Build.0 = debug|x64
		{1D234D66-C20F-3C57-AF98-5F2ACCA83216}.checked|x64.ActiveCfg = checked|x64
		{1D234D66-C20F-3C57-AF98-5F2ACCA83216}.checked|x64.Build.0 = checked|x64
		{1D234D66-C20F-3C57-AF98-5F2ACCA83216}.profile|x64.ActiveCfg = profile|x64
		{1D234D66-C20F-3C57-AF98-5F2ACCA83216}.profile|x64.Build.0 = profile|x64
		{1D234D66-C20F-3C57-AF98-5F2ACCA83216}.release|x64.ActiveCfg = release|x64
		{1D234D66-C20F-3C57-AF98-5F2ACCA83216}.release|x64.Build.0 = release|x64
		{5B6729E7-EB7A-31A3-859D-99120CAC04FE}.debug|x64.ActiveCfg = debug|x64
		{5B6729E7-EB7A-31A3-859D-99120CAC04FE}.debug|x64.Build.0 = debug|x64
		{5B6729E7-EB7A-31A3-859D-99120CAC04FE}.checked|x64.ActiveCfg = checked|x64
		{5B6729E7-EB7A-31A3-859D-99120CAC04FE}.checked|x64.Build.0 = checked|x64
		{5B6729E7-EB7A-31A3-859D-99120CAC04FE}.profile|x64.ActiveCfg = profile|x64
		{5B6729E7-EB7A-31A3-859D-99120CAC04FE}.profile|x64.Build.0 = profile|x64
		{5B6729E7-EB7A-31A3-859D-99120CAC04FE}.release|x64.ActiveCfg = release|x64
		{5B6729E7-EB7A-31A3-859D-99120CAC04FE}.release|x64.Build.0 = release|x64
		{BAC6107F-4DC7-3343-88A2-DCC68E1C043C}.debug|x64.ActiveCfg = debug|x64
		{BAC6107F-4DC7-3343-88A2-DCC68E1C043C}.debug|x64.Build.0 = debug|x64
		{BAC6107F-4DC7-3343-88A2-DCC68E1C043C}.checked|x64.ActiveCfg = checked|x64
		{BAC6107F-4DC7-3343-88A2-DCC68E1C043C}.checked|x64.Build.0 = checked|x64
		{BAC6107F-4DC7-3343-88A2-DCC68E1C043C}.profile|x64.ActiveCfg = profile|x64
		{BAC6107F-4DC7-3343-88A2-DCC68E1C043C}.profile|x64.Build.0 = profile|x64
		{BAC6107F-4DC7-3343-88A2-DCC68E1C043C}.release|x64.ActiveCfg = release|x64
		{BAC6107F-4DC7-3343-88A2-DCC68E1C043C}.release|x64.Build.0 = release|x64
		{8041DDCC-3E9D-3529-B574-D2940454ED7B}.debug|x64.ActiveCfg = debug|x64
		{8041DDCC-3E9D-3529-B574-D2940454ED7B}.debug|x64.Build.0 = debug|x64
		{8041DDCC-3E9D-3529-B574-D2940454ED7B}.checked|x64.ActiveCfg = checked|x64
		{8041DDCC-3E9D-3529-B574-D2940454ED7B}.checked|x64.Build.0 = checked|x64
		{8041DDCC-3E9D-3529-B574-D2940454ED7B}.profile|x64.ActiveCfg = profile|x64
		{8041DDCC-3E9D-3529-B574-D2940454ED7B}.profile|x64.Build.0 = profile|x64
		{8041DDCC-3E9D-3529-B574-D2940454ED7B}.release|x64.ActiveCfg = release|x64
		{8041DDCC-3E9D-3529-B574-D2940454ED7B}.release|x64.Build.0 = release|x64
		{39B67970-8C4A-307E-B612-408185218BEF}.debug|x64.ActiveCfg = debug|x64
		{39B67970-8C4A-307E-B612-408185218BEF}.debug|x64.Build.0 = debug|x64
		{39B67970-8C4A-307E-B612-408185218BEF}.checked|x64.ActiveCfg = checked|x64
		{39B67970-8C4A-307E-B612-408185218BEF}.checked|x64.Build.0 = checked|x64
		{39B67970-8C4A-307E-B612-408185218BEF}.profile|x64.ActiveCfg = profile|x64
		{39B67970-8C4A-307E-B612-408185218BEF}.profile|x64.Build.0 = profile|x64
		{39B67970-8C4A-307E-B612-408185218BEF}.release|x64.ActiveCfg = release|x64
		{39B67970-8C4A-307E-B612-408185218BEF}.release|x64.Build.0 = release|x64
		{52C72CAF-3601-3D9F-A0A0-C35382FA0268}.debug|x64.ActiveCfg = debug|x64
		{52C72CAF-3601-3D9F-A0A0-C35382FA0268}.debug|x64.Build.0 = debug|x64
		{52C72CAF-3601-3D9F-A0A0-C35382FA0268}.checked|x64.ActiveCfg = checked|x64
		{52C72CAF-3601-3D9F-A0A0-C35382FA0268}.checked|x64.Build.0 = checked|x64
		{52C72CAF-3601-3D9F-A0A0-C35382FA0268}.profile|x64.ActiveCfg = profile|x64
		{52C72CAF-3601-3D9F-A0A0-C35382FA0268}.profile|x64.Build.0 = profile|x64
		{52C72CAF-3601-3D9F-A0A0-C35382FA0268}.release|x64.ActiveCfg = release|x64
		{52C72CAF-3601-3D9F-A0A0-C35382FA0268}.release|x64.Build.0 = release|x64
		{9931106F-00C7-34C4-AEDE-455E917D92EE}.debug|x64.ActiveCfg = debug|x64
		{9931106F-00C7-34C4-AEDE-455E917D92EE}.debug|x64.Build.0 = debug|x64
		{9931106F-00C7-34C4-AEDE-455E917D92EE}.checked|x64.ActiveCfg = checked|x64
		{9931106F-00C7-34C4-AEDE-455E917D92EE}.checked|x64.Build.0 = checked|x64
		{9931106F-00C7-34C4-AEDE-455E917D92EE}.profile|x64.ActiveCfg = profile|x64
		{9931106F-00C7-34C4-AEDE-455E917D92EE}.profile|x64.Build.0 = profile|x64
		{9931106F-00C7-34C4-AEDE-455E917D92EE}.release|x64.ActiveCfg = release|x64
		{9931106F-00C7-34C4-AEDE-455E917D92EE}.release|x64.Build.0 = release|x64
		{83CF1895-52CA-3C5B-A233-FF26977ED4DA}.debug|x64.ActiveCfg = debug|x64
		{83CF1895-52CA-3C5B-A233-FF26977ED4DA}.debug|x64.Build.0 = debug|x64
		{83CF1895-52CA-3C5B-A233-FF26977ED4DA}.checked|x64.ActiveCfg = checked|x64
		{83CF1895-52CA-3C5B-A233-FF26977ED4DA}.checked|x64.Build.0 = checked|x64
		{83CF1895-52CA-3C5B-A233-FF26977ED4DA}.profile|x64.ActiveCfg = profile|x64
		{83CF1895-52CA-3C5B-A233-FF26977ED4DA}.profile|x64.Build.0 = profile|x64
		{83CF1895-52CA-3C5B-A233-FF26977ED4DA}.release|x64.ActiveCfg = release|x64
		{83CF1895-52CA-3C5B-A233-FF26977ED4DA}.release|x64.Build.0 = release|x64
		{7C13227C-F20D-3EB0-B758-A6C129524A07}.debug|x64.ActiveCfg = debug|x64
		{7C13227C-F20D-3EB0-B758-A6C129524A07}.debug|x64.Build.0 = debug|x64
		{7C13227C-F20D-3EB0-B758-A6C129524A07}.checked|x64.ActiveCfg = checked|x64
		{7C13227C-F20D-3EB0-B758-A6C129524A07}.checked|x64.Build.0 = checked|x64
		{7C13227C-F20D-3EB0-B758-A6C129524A07}.profile|x64.ActiveCfg = profile|x64
		{7C13227C-F20D-3EB0-B758-A6C129524A07}.profile|x64.Build.0 = profile|x64
		{7C13227C-F20D-3EB0-B758-A6C129524A07}.release|x64.ActiveCfg = release|x64
		{7C13227C-F20D-3EB0-B758-A6C129524A07}.release|x64.Build.0 = release|x64
		{752C9306-85F2-37D3-9247-FBBADCD8FD08}.debug|x64.ActiveCfg = debug|x64
		{752C9306-85F2-37D3-9247-FBBADCD8FD08}.debug|x64.Build.0 = debug|x64
		{752C9306-85F2-37D3-9247-FBBADCD8FD08}.checked|x64.ActiveCfg = checked|x64
		{752C9306-85F2-37D3-9247-FBBADCD8FD08}.checked|x64.Build.0 = checked|x64
		{752C9306-85F2-37D3-9247-FBBADCD8FD08}.profile|x64.ActiveCfg = profile|x64
		{752C9306-85F2-37D3-9247-FBBADCD8FD08}.profile|x64.Build.0 = profile|x64
		{752C9306-85F2-37D3-9247-FBBADCD8FD08}.release|x64.ActiveCfg = release|x64
		{752C9306-85F2-37D3-9247-FBBADCD8FD08}.release|x64.Build.0 = release|x64
		{7CF0D705-EA4F-328B-B23A-03E3CEC6EB13}.debug|x64.ActiveCfg = debug|x64
		{7CF0D705-EA4F-328B-B23A-03E3CEC6EB13}.debug|x64.Build.0 = debug|x64
		{7CF0D705-EA4F-328B-B23A-03E3CEC6EB13}.checked|x64.ActiveCfg = checked|x64
		{7CF0D705-EA4F-328B-B23A-03E3CEC6EB13}.checked|x64.Build.0 = checked|x64
		{7CF0D705-EA4F-328B-B23A-03E3CEC6EB13}.profile|x64.ActiveCfg = profile|x64
		{7CF0D705-EA4F-328B-B23A-03E3CEC6EB13}.profile|x64.Build.0 = profile|x64
		{7CF0D705-EA4F-328B-B23A-03E3CEC6EB13}.release|x64.ActiveCfg = release|x64
		{7CF0D705-EA4F-328B-B23A-03E3CEC6EB13}.release|x64.Build.0 = release|x64
		{C86B56A0-B751-36C6-AD6C-C1E973B9F431}.debug|x64.ActiveCfg = debug|x64
		{C86B56A0-B751-36C6-AD6C-C1E973B9F431}.debug|x64.Build.0 = debug|x64
		{C86B56A0-B751-36C6-AD6C-C1E973B9F431}.checked|x64.ActiveCfg = checked|x64
		{C86B56A0-B751-36C6-AD6C-C1E973B9F431}.checked|x64.Build.0 = checked|x64
		{C86B56A0-B751-36C6-AD6C-C1E973B9F431}.profile|x64.ActiveCfg = profile|x64
		{C86B56A0-B751-36C6-AD6C-C1E973B9F431}.profile|x64.Build.0 = profile|x64
		{C86B56A0-B751-36C6-AD6C-C1E973B9F431}.release|x64.ActiveCfg = release|x64
		{C86B56A0-B751-36C6-AD6C-C1E973B9F431}.release|x64.Build.0 = release|x64
		{06A97887-4EE4-3EB1-B307-DE7177C94359}.debug|x64.ActiveCfg = debug|x64
		{06A97887-4EE4-3EB1-B307-DE7177C94359}.debug|x64.Build.0 = debug|x64
		{06A97887-4EE4-3EB1-B307-DE7177C94359}.checked|x64.ActiveCfg = checked|x64
		{06A97887-4EE4-3EB1-B307-DE7177C94359}.checked|x64.Build.0 = checked|x64
		{06A97887-4EE4-3EB1-B307-DE7177C94359}.profile|x64.ActiveCfg = profile|x64
		{06A97887-4EE4-3EB1-B307-DE7177C94359}.profile|x64.Build.0 = profile|x64
		{06A97887-4EE4-3EB1-B307-DE7177C94359}.release|x64.ActiveCfg = release|x64
		{06A97887-4EE4-3EB1-B307-DE7177C94359}.release|x64.Build.0 = release|x64
		{3444D6A1-9930-3498-853C-83FC61CB658C}.debug|x64.ActiveCfg = debug|x64
		{3444D6A1-9930-3498-853C-83FC61CB658C}.debug|x64.Build.0 = debug|x64
		{3444D6A1-9930-3498-853C-83FC61CB658C}.checked|x64.ActiveCfg = checked|x64
		{3444D6A1-9930-3498-853C-83FC61CB658C}.checked|x64.Build.0 = checked|x64
		{3444D6A1-9930-3498-853C-83FC61CB658C}.profile|x64.ActiveCfg = profile|x64
		{3444D6A1-9930-3498-853C-83FC61CB658C}.profile|x64.Build.0 = profile|x64
		{3444D6A1-9930-3498-853C-83FC61CB658C}.release|x64.ActiveCfg = release|x64
		{3444D6A1-9930-3498-853C-83FC61CB658C}.release|x64.Build.0 = release|x64
	EndGlobalSection
	GlobalSection(NestedProjects) = preSolution
		{7D78C847-701E-36DB-A6FB-CAFAE440080D} = {723BFC58-2A8B-3FA4-9D31-8C5B512EF3A8}
		{07347C5F-ABE0-3AA7-9E6F-87330CCB390A} = {723BFC58-2A8B-3FA4-9D31-8C5B512EF3A8}
		{3444D6A1-9930-3498-853C-83FC61CB658C} = {723BFC58-2A8B-3FA4-9D31-8C5B512EF3A8}
		{6ECD6ABC-89C9-373D-BF73-49B74E574C5D} = {5799EF41-8EFE-3BD0-8060-28E4AB56AFE8}
		{6B582D92-C61D-39A5-AB00-96F73335C898} = {5799EF41-8EFE-3BD0-8060-28E4AB56AFE8}
		{1D234D66-C20F-3C57-AF98-5F2ACCA83216} = {5799EF41-8EFE-3BD0-8060-28E4AB56AFE8}
		{5B6729E7-EB7A-31A3-859D-99120CAC04FE} = {5799EF41-8EFE-3BD0-8060-28E4AB56AFE8}
		{BAC6107F-4DC7-3343-88A2-DCC68E1C043C} = {5799EF41-8EFE-3BD0-8060-28E4AB56AFE8}
		{8041DDCC-3E9D-3529-B574-D2940454ED7B} = {5799EF41-8EFE-3BD0-8060-28E4AB56AFE8}
		{39B67970-8C4A-307E-B612-408185218BEF} = {5799EF41-8EFE-3BD0-8060-28E4AB56AFE8}
		{52C72CAF-3601-3D9F-A0A0-C35382FA0268} = {5799EF41-8EFE-3BD0-8060-28E4AB56AFE8}
		{9931106F-00C7-34C4-AEDE-455E917D92EE} = {5799EF41-8EFE-3BD0-8060-28E4AB56AFE8}
		{83CF1895-52CA-3C5B-A233-FF26977ED4DA} = {5799EF41-8EFE-3BD0-8060-28E4AB56AFE8}
		{7C13227C-F20D-3EB0-B758-A6C129524A07} = {5799EF41-8EFE-3BD0-8060-28E4AB56AFE8}
		{752C9306-85F2-37D3-9247-FBBADCD8FD08} = {5799EF41-8EFE-3BD0-8060-28E4AB56AFE8}
		{7CF0D705-EA4F-328B-B23A-03E3CEC6EB13} = {5799EF41-8EFE-3BD0-8060-28E4AB56AFE8}
		{C86B56A0-B751-36C6-AD6C-C1E973B9F431} = {5799EF41-8EFE-3BD0-8060-28E4AB56AFE8}
		{06A97887-4EE4-3EB1-B307-DE7177C94359} = {5799EF41-8EFE-3BD0-8060-28E4AB56AFE8}
	EndGlobalSection
	GlobalSection(ExtensibilityGlobals) = postSolution
		SolutionGuid = {CA79A377-81F9-315C-AE72-7E401EFA6939}
	EndGlobalSection
	GlobalSection(ExtensibilityAddIns) = postSolution
	EndGlobalSection
EndGlobal
