<?xml version="1.0" encoding="utf-8"?>
<Project ToolsVersion="15.0" xmlns="http://schemas.microsoft.com/developer/msbuild/2003">
  <ItemGroup>
    <ClCompile Include="D:\Projects\Game Engine\Include\physx\physx\source\physxmetadata\core\src\PxAutoGeneratedMetaDataObjects.cpp">
      <Filter>metadata\src</Filter>
    </ClCompile>
    <ClCompile Include="D:\Projects\Game Engine\Include\physx\physx\source\physxmetadata\core\src\PxMetaDataObjects.cpp">
      <Filter>metadata\src</Filter>
    </ClCompile>
    <ClCompile Include="D:\Projects\Game Engine\Include\physx\physx\source\physx\src\NpActor.cpp">
      <Filter>src</Filter>
    </ClCompile>
    <ClCompile Include="D:\Projects\Game Engine\Include\physx\physx\source\physx\src\NpAggregate.cpp">
      <Filter>src</Filter>
    </ClCompile>
    <ClCompile Include="D:\Projects\Game Engine\Include\physx\physx\source\physx\src\NpArticulationReducedCoordinate.cpp">
      <Filter>src</Filter>
    </ClCompile>
    <ClCompile Include="D:\Projects\Game Engine\Include\physx\physx\source\physx\src\NpArticulation.cpp">
      <Filter>src</Filter>
    </ClCompile>
    <ClCompile Include="D:\Projects\Game Engine\Include\physx\physx\source\physx\src\NpArticulationJoint.cpp">
      <Filter>src</Filter>
    </ClCompile>
    <ClCompile Include="D:\Projects\Game Engine\Include\physx\physx\source\physx\src\NpArticulationJointReducedCoordinate.cpp">
      <Filter>src</Filter>
    </ClCompile>
    <ClCompile Include="D:\Projects\Game Engine\Include\physx\physx\source\physx\src\NpArticulationLink.cpp">
      <Filter>src</Filter>
    </ClCompile>
    <ClCompile Include="D:\Projects\Game Engine\Include\physx\physx\source\physx\src\NpBatchQuery.cpp">
      <Filter>src</Filter>
    </ClCompile>
    <ClCompile Include="D:\Projects\Game Engine\Include\physx\physx\source\physx\src\NpConstraint.cpp">
      <Filter>src</Filter>
    </ClCompile>
    <ClCompile Include="D:\Projects\Game Engine\Include\physx\physx\source\physx\src\NpFactory.cpp">
      <Filter>src</Filter>
    </ClCompile>
    <ClCompile Include="D:\Projects\Game Engine\Include\physx\physx\source\physx\src\NpMaterial.cpp">
      <Filter>src</Filter>
    </ClCompile>
    <ClCompile Include="D:\Projects\Game Engine\Include\physx\physx\source\physx\src\NpMetaData.cpp">
      <Filter>src</Filter>
    </ClCompile>
    <ClCompile Include="D:\Projects\Game Engine\Include\physx\physx\source\physx\src\NpPhysics.cpp">
      <Filter>src</Filter>
    </ClCompile>
    <ClCompile Include="D:\Projects\Game Engine\Include\physx\physx\source\physx\src\NpPvdSceneQueryCollector.cpp">
      <Filter>src</Filter>
    </ClCompile>
    <ClCompile Include="D:\Projects\Game Engine\Include\physx\physx\source\physx\src\NpReadCheck.cpp">
      <Filter>src</Filter>
    </ClCompile>
    <ClCompile Include="D:\Projects\Game Engine\Include\physx\physx\source\physx\src\NpRigidDynamic.cpp">
      <Filter>src</Filter>
    </ClCompile>
    <ClCompile Include="D:\Projects\Game Engine\Include\physx\physx\source\physx\src\NpRigidStatic.cpp">
      <Filter>src</Filter>
    </ClCompile>
    <ClCompile Include="D:\Projects\Game Engine\Include\physx\physx\source\physx\src\NpScene.cpp">
      <Filter>src</Filter>
    </ClCompile>
    <ClCompile Include="D:\Projects\Game Engine\Include\physx\physx\source\physx\src\NpSceneQueries.cpp">
      <Filter>src</Filter>
    </ClCompile>
    <ClCompile Include="D:\Projects\Game Engine\Include\physx\physx\source\physx\src\NpSerializerAdapter.cpp">
      <Filter>src</Filter>
    </ClCompile>
    <ClCompile Include="D:\Projects\Game Engine\Include\physx\physx\source\physx\src\NpShape.cpp">
      <Filter>src</Filter>
    </ClCompile>
    <ClCompile Include="D:\Projects\Game Engine\Include\physx\physx\source\physx\src\NpShapeManager.cpp">
      <Filter>src</Filter>
    </ClCompile>
    <ClCompile Include="D:\Projects\Game Engine\Include\physx\physx\source\physx\src\NpWriteCheck.cpp">
      <Filter>src</Filter>
    </ClCompile>
    <ClCompile Include="D:\Projects\Game Engine\Include\physx\physx\source\physx\src\PvdMetaDataPvdBinding.cpp">
      <Filter>src</Filter>
    </ClCompile>
    <ClCompile Include="D:\Projects\Game Engine\Include\physx\physx\source\physx\src\PvdPhysicsClient.cpp">
      <Filter>src</Filter>
    </ClCompile>
    <ClCompile Include="D:\Projects\Game Engine\Include\physx\physx\source\physx\src\buffering\ScbActor.cpp">
      <Filter>src\buffering</Filter>
    </ClCompile>
    <ClCompile Include="D:\Projects\Game Engine\Include\physx\physx\source\physx\src\buffering\ScbAggregate.cpp">
      <Filter>src\buffering</Filter>
    </ClCompile>
    <ClCompile Include="D:\Projects\Game Engine\Include\physx\physx\source\physx\src\buffering\ScbBase.cpp">
      <Filter>src\buffering</Filter>
    </ClCompile>
    <ClCompile Include="D:\Projects\Game Engine\Include\physx\physx\source\physx\src\buffering\ScbMetaData.cpp">
      <Filter>src\buffering</Filter>
    </ClCompile>
    <ClCompile Include="D:\Projects\Game Engine\Include\physx\physx\source\physx\src\buffering\ScbScene.cpp">
      <Filter>src\buffering</Filter>
    </ClCompile>
    <ClCompile Include="D:\Projects\Game Engine\Include\physx\physx\source\physx\src\buffering\ScbScenePvdClient.cpp">
      <Filter>src\buffering</Filter>
    </ClCompile>
    <ClCompile Include="D:\Projects\Game Engine\Include\physx\physx\source\physx\src\buffering\ScbShape.cpp">
      <Filter>src\buffering</Filter>
    </ClCompile>
    <ClCompile Include="D:\Projects\Game Engine\Include\physx\physx\source\immediatemode\src\NpImmediateMode.cpp">
      <Filter>src\immediatemode</Filter>
    </ClCompile>
    <ClCompile Include="D:\Projects\Game Engine\Include\physx\physx\source\physx\src\device\windows\PhysXIndicatorWindows.cpp">
      <Filter>src\device</Filter>
    </ClCompile>
    <ClCompile Include="D:\Projects\Game Engine\Include\physx\physx\source\physx\src\gpu\PxGpu.cpp">
      <Filter>src\gpu</Filter>
    </ClCompile>
    <ClCompile Include="D:\Projects\Game Engine\Include\physx\physx\source\physx\src\gpu\PxPhysXGpuModuleLoader.cpp">
      <Filter>src\gpu</Filter>
    </ClCompile>
    <ClCompile Include="D:\Projects\Game Engine\Include\physx\physx\source\physx\src\windows\NpWindowsDelayLoadHook.cpp">
      <Filter>src\windows</Filter>
    </ClCompile>
  </ItemGroup>
  <ItemGroup>
    <ClInclude Include="D:\Projects\Game Engine\Include\physx\physx\include\PxActor.h">
      <Filter>include</Filter>
    </ClInclude>
    <ClInclude Include="D:\Projects\Game Engine\Include\physx\physx\include\PxAggregate.h">
      <Filter>include</Filter>
    </ClInclude>
    <ClInclude Include="D:\Projects\Game Engine\Include\physx\physx\include\PxArticulationReducedCoordinate.h">
      <Filter>include</Filter>
    </ClInclude>
    <ClInclude Include="D:\Projects\Game Engine\Include\physx\physx\include\PxArticulationBase.h">
      <Filter>include</Filter>
    </ClInclude>
    <ClInclude Include="D:\Projects\Game Engine\Include\physx\physx\include\PxArticulation.h">
      <Filter>include</Filter>
    </ClInclude>
    <ClInclude Include="D:\Projects\Game Engine\Include\physx\physx\include\PxArticulationJoint.h">
      <Filter>include</Filter>
    </ClInclude>
    <ClInclude Include="D:\Projects\Game Engine\Include\physx\physx\include\PxArticulationJointReducedCoordinate.h">
      <Filter>include</Filter>
    </ClInclude>
    <ClInclude Include="D:\Projects\Game Engine\Include\physx\physx\include\PxArticulationLink.h">
      <Filter>include</Filter>
    </ClInclude>
    <ClInclude Include="D:\Projects\Game Engine\Include\physx\physx\include\PxBatchQuery.h">
      <Filter>include</Filter>
    </ClInclude>
    <ClInclude Include="D:\Projects\Game Engine\Include\physx\physx\include\PxBatchQueryDesc.h">
      <Filter>include</Filter>
    </ClInclude>
    <ClInclude Include="D:\Projects\Game Engine\Include\physx\physx\include\PxBroadPhase.h">
      <Filter>include</Filter>
    </ClInclude>
    <ClInclude Include="D:\Projects\Game Engine\Include\physx\physx\include\PxClient.h">
      <Filter>include</Filter>
    </ClInclude>
    <ClInclude Include="D:\Projects\Game Engine\Include\physx\physx\include\PxConstraint.h">
      <Filter>include</Filter>
    </ClInclude>
    <ClInclude Include="D:\Projects\Game Engine\Include\physx\physx\include\PxConstraintDesc.h">
      <Filter>include</Filter>
    </ClInclude>
    <ClInclude Include="D:\Projects\Game Engine\Include\physx\physx\include\PxContact.h">
      <Filter>include</Filter>
    </ClInclude>
    <ClInclude Include="D:\Projects\Game Engine\Include\physx\physx\include\PxContactModifyCallback.h">
      <Filter>include</Filter>
    </ClInclude>
    <ClInclude Include="D:\Projects\Game Engine\Include\physx\physx\include\PxDeletionListener.h">
      <Filter>include</Filter>
    </ClInclude>
    <ClInclude Include="D:\Projects\Game Engine\Include\physx\physx\include\PxFiltering.h">
      <Filter>include</Filter>
    </ClInclude>
    <ClInclude Include="D:\Projects\Game Engine\Include\physx\physx\include\PxForceMode.h">
      <Filter>include</Filter>
    </ClInclude>
    <ClInclude Include="D:\Projects\Game Engine\Include\physx\physx\include\PxImmediateMode.h">
      <Filter>include</Filter>
    </ClInclude>
    <ClInclude Include="D:\Projects\Game Engine\Include\physx\physx\include\PxLockedData.h">
      <Filter>include</Filter>
    </ClInclude>
    <ClInclude Include="D:\Projects\Game Engine\Include\physx\physx\include\PxMaterial.h">
      <Filter>include</Filter>
    </ClInclude>
    <ClInclude Include="D:\Projects\Game Engine\Include\physx\physx\include\PxPhysics.h">
      <Filter>include</Filter>
    </ClInclude>
    <ClInclude Include="D:\Projects\Game Engine\Include\physx\physx\include\PxPhysicsAPI.h">
      <Filter>include</Filter>
    </ClInclude>
    <ClInclude Include="D:\Projects\Game Engine\Include\physx\physx\include\PxPhysicsSerialization.h">
      <Filter>include</Filter>
    </ClInclude>
    <ClInclude Include="D:\Projects\Game Engine\Include\physx\physx\include\PxPhysicsVersion.h">
      <Filter>include</Filter>
    </ClInclude>
    <ClInclude Include="D:\Projects\Game Engine\Include\physx\physx\include\PxPhysXConfig.h">
      <Filter>include</Filter>
    </ClInclude>
    <ClInclude Include="D:\Projects\Game Engine\Include\physx\physx\include\PxPruningStructure.h">
      <Filter>include</Filter>
    </ClInclude>
    <ClInclude Include="D:\Projects\Game Engine\Include\physx\physx\include\PxQueryFiltering.h">
      <Filter>include</Filter>
    </ClInclude>
    <ClInclude Include="D:\Projects\Game Engine\Include\physx\physx\include\PxQueryReport.h">
      <Filter>include</Filter>
    </ClInclude>
    <ClInclude Include="D:\Projects\Game Engine\Include\physx\physx\include\PxRigidActor.h">
      <Filter>include</Filter>
    </ClInclude>
    <ClInclude Include="D:\Projects\Game Engine\Include\physx\physx\include\PxRigidBody.h">
      <Filter>include</Filter>
    </ClInclude>
    <ClInclude Include="D:\Projects\Game Engine\Include\physx\physx\include\PxRigidDynamic.h">
      <Filter>include</Filter>
    </ClInclude>
    <ClInclude Include="D:\Projects\Game Engine\Include\physx\physx\include\PxRigidStatic.h">
      <Filter>include</Filter>
    </ClInclude>
    <ClInclude Include="D:\Projects\Game Engine\Include\physx\physx\include\PxScene.h">
      <Filter>include</Filter>
    </ClInclude>
    <ClInclude Include="D:\Projects\Game Engine\Include\physx\physx\include\PxSceneDesc.h">
      <Filter>include</Filter>
    </ClInclude>
    <ClInclude Include="D:\Projects\Game Engine\Include\physx\physx\include\PxSceneLock.h">
      <Filter>include</Filter>
    </ClInclude>
    <ClInclude Include="D:\Projects\Game Engine\Include\physx\physx\include\PxShape.h">
      <Filter>include</Filter>
    </ClInclude>
    <ClInclude Include="D:\Projects\Game Engine\Include\physx\physx\include\PxSimulationEventCallback.h">
      <Filter>include</Filter>
    </ClInclude>
    <ClInclude Include="D:\Projects\Game Engine\Include\physx\physx\include\PxSimulationStatistics.h">
      <Filter>include</Filter>
    </ClInclude>
    <ClInclude Include="D:\Projects\Game Engine\Include\physx\physx\include\PxVisualizationParameter.h">
      <Filter>include</Filter>
    </ClInclude>
    <ClInclude Include="D:\Projects\Game Engine\Include\physx\physx\include\common\PxBase.h">
      <Filter>include\common</Filter>
    </ClInclude>
    <ClInclude Include="D:\Projects\Game Engine\Include\physx\physx\include\common\PxCollection.h">
      <Filter>include\common</Filter>
    </ClInclude>
    <ClInclude Include="D:\Projects\Game Engine\Include\physx\physx\include\common\PxCoreUtilityTypes.h">
      <Filter>include\common</Filter>
    </ClInclude>
    <ClInclude Include="D:\Projects\Game Engine\Include\physx\physx\include\common\PxMetaData.h">
      <Filter>include\common</Filter>
    </ClInclude>
    <ClInclude Include="D:\Projects\Game Engine\Include\physx\physx\include\common\PxMetaDataFlags.h">
      <Filter>include\common</Filter>
    </ClInclude>
    <ClInclude Include="D:\Projects\Game Engine\Include\physx\physx\include\common\PxPhysicsInsertionCallback.h">
      <Filter>include\common</Filter>
    </ClInclude>
    <ClInclude Include="D:\Projects\Game Engine\Include\physx\physx\include\common\PxPhysXCommonConfig.h">
      <Filter>include\common</Filter>
    </ClInclude>
    <ClInclude Include="D:\Projects\Game Engine\Include\physx\physx\include\common\PxRenderBuffer.h">
      <Filter>include\common</Filter>
    </ClInclude>
    <ClInclude Include="D:\Projects\Game Engine\Include\physx\physx\include\common\PxSerialFramework.h">
      <Filter>include\common</Filter>
    </ClInclude>
    <ClInclude Include="D:\Projects\Game Engine\Include\physx\physx\include\common\PxSerializer.h">
      <Filter>include\common</Filter>
    </ClInclude>
    <ClInclude Include="D:\Projects\Game Engine\Include\physx\physx\include\common\PxStringTable.h">
      <Filter>include\common</Filter>
    </ClInclude>
    <ClInclude Include="D:\Projects\Game Engine\Include\physx\physx\include\common\PxTolerancesScale.h">
      <Filter>include\common</Filter>
    </ClInclude>
    <ClInclude Include="D:\Projects\Game Engine\Include\physx\physx\include\common\PxTypeInfo.h">
      <Filter>include\common</Filter>
    </ClInclude>
    <ClInclude Include="D:\Projects\Game Engine\Include\physx\physx\include\common\PxProfileZone.h">
      <Filter>include\common</Filter>
    </ClInclude>
    <ClInclude Include="D:\Projects\Game Engine\Include\physx\physx\include\pvd\PxPvdSceneClient.h">
      <Filter>include\pvd</Filter>
    </ClInclude>
    <ClInclude Include="D:\Projects\Game Engine\Include\physx\physx\include\pvd\PxPvd.h">
      <Filter>include</Filter>
    </ClInclude>
    <ClInclude Include="D:\Projects\Game Engine\Include\physx\physx\include\pvd\PxPvdTransport.h">
      <Filter>include</Filter>
    </ClInclude>
    <ClInclude Include="D:\Projects\Game Engine\Include\physx\physx\include\solver\PxSolverDefs.h">
      <Filter>include\collision</Filter>
    </ClInclude>
    <ClInclude Include="D:\Projects\Game Engine\Include\physx\physx\source\physxmetadata\core\include\PvdMetaDataDefineProperties.h">
      <Filter>metadata\include</Filter>
    </ClInclude>
    <ClInclude Include="D:\Projects\Game Engine\Include\physx\physx\source\physxmetadata\core\include\PvdMetaDataExtensions.h">
      <Filter>metadata\include</Filter>
    </ClInclude>
    <ClInclude Include="D:\Projects\Game Engine\Include\physx\physx\source\physxmetadata\core\include\PvdMetaDataPropertyVisitor.h">
      <Filter>metadata\include</Filter>
    </ClInclude>
    <ClInclude Include="D:\Projects\Game Engine\Include\physx\physx\source\physxmetadata\core\include\PxAutoGeneratedMetaDataObjectNames.h">
      <Filter>metadata\include</Filter>
    </ClInclude>
    <ClInclude Include="D:\Projects\Game Engine\Include\physx\physx\source\physxmetadata\core\include\PxAutoGeneratedMetaDataObjects.h">
      <Filter>metadata\include</Filter>
    </ClInclude>
    <ClInclude Include="D:\Projects\Game Engine\Include\physx\physx\source\physxmetadata\core\include\PxMetaDataCompare.h">
      <Filter>metadata\include</Filter>
    </ClInclude>
    <ClInclude Include="D:\Projects\Game Engine\Include\physx\physx\source\physxmetadata\core\include\PxMetaDataCppPrefix.h">
      <Filter>metadata\include</Filter>
    </ClInclude>
    <ClInclude Include="D:\Projects\Game Engine\Include\physx\physx\source\physxmetadata\core\include\PxMetaDataObjects.h">
      <Filter>metadata\include</Filter>
    </ClInclude>
    <ClInclude Include="D:\Projects\Game Engine\Include\physx\physx\source\physxmetadata\core\include\RepXMetaDataPropertyVisitor.h">
      <Filter>metadata\include</Filter>
    </ClInclude>
    <ClInclude Include="D:\Projects\Game Engine\Include\physx\physx\source\physx\src\NpActor.h">
      <Filter>src</Filter>
    </ClInclude>
    <ClInclude Include="D:\Projects\Game Engine\Include\physx\physx\source\physx\src\NpActorTemplate.h">
      <Filter>src</Filter>
    </ClInclude>
    <ClInclude Include="D:\Projects\Game Engine\Include\physx\physx\source\physx\src\NpAggregate.h">
      <Filter>src</Filter>
    </ClInclude>
    <ClInclude Include="D:\Projects\Game Engine\Include\physx\physx\source\physx\src\NpArticulationReducedCoordinate.h">
      <Filter>src</Filter>
    </ClInclude>
    <ClInclude Include="D:\Projects\Game Engine\Include\physx\physx\source\physx\src\NpArticulation.h">
      <Filter>src</Filter>
    </ClInclude>
    <ClInclude Include="D:\Projects\Game Engine\Include\physx\physx\source\physx\src\NpArticulationJoint.h">
      <Filter>src</Filter>
    </ClInclude>
    <ClInclude Include="D:\Projects\Game Engine\Include\physx\physx\source\physx\src\NpArticulationJointReducedCoordinate.h">
      <Filter>src</Filter>
    </ClInclude>
    <ClInclude Include="D:\Projects\Game Engine\Include\physx\physx\source\physx\src\NpArticulationLink.h">
      <Filter>src</Filter>
    </ClInclude>
    <ClInclude Include="D:\Projects\Game Engine\Include\physx\physx\source\physx\src\NpArticulationTemplate.h">
      <Filter>src</Filter>
    </ClInclude>
    <ClInclude Include="D:\Projects\Game Engine\Include\physx\physx\source\physx\src\NpBatchQuery.h">
      <Filter>src</Filter>
    </ClInclude>
    <ClInclude Include="D:\Projects\Game Engine\Include\physx\physx\source\physx\src\NpCast.h">
      <Filter>src</Filter>
    </ClInclude>
    <ClInclude Include="D:\Projects\Game Engine\Include\physx\physx\source\physx\src\NpConnector.h">
      <Filter>src</Filter>
    </ClInclude>
    <ClInclude Include="D:\Projects\Game Engine\Include\physx\physx\source\physx\src\NpConstraint.h">
      <Filter>src</Filter>
    </ClInclude>
    <ClInclude Include="D:\Projects\Game Engine\Include\physx\physx\source\physx\src\NpFactory.h">
      <Filter>src</Filter>
    </ClInclude>
    <ClInclude Include="D:\Projects\Game Engine\Include\physx\physx\source\physx\src\NpMaterial.h">
      <Filter>src</Filter>
    </ClInclude>
    <ClInclude Include="D:\Projects\Game Engine\Include\physx\physx\source\physx\src\NpMaterialManager.h">
      <Filter>src</Filter>
    </ClInclude>
    <ClInclude Include="D:\Projects\Game Engine\Include\physx\physx\source\physx\src\NpPhysics.h">
      <Filter>src</Filter>
    </ClInclude>
    <ClInclude Include="D:\Projects\Game Engine\Include\physx\physx\source\physx\src\NpPhysicsInsertionCallback.h">
      <Filter>src</Filter>
    </ClInclude>
    <ClInclude Include="D:\Projects\Game Engine\Include\physx\physx\source\physx\src\NpPtrTableStorageManager.h">
      <Filter>src</Filter>
    </ClInclude>
    <ClInclude Include="D:\Projects\Game Engine\Include\physx\physx\source\physx\src\NpPvdSceneQueryCollector.h">
      <Filter>src</Filter>
    </ClInclude>
    <ClInclude Include="D:\Projects\Game Engine\Include\physx\physx\source\physx\src\NpQueryShared.h">
      <Filter>src</Filter>
    </ClInclude>
    <ClInclude Include="D:\Projects\Game Engine\Include\physx\physx\source\physx\src\NpReadCheck.h">
      <Filter>src</Filter>
    </ClInclude>
    <ClInclude Include="D:\Projects\Game Engine\Include\physx\physx\source\physx\src\NpRigidActorTemplate.h">
      <Filter>src</Filter>
    </ClInclude>
    <ClInclude Include="D:\Projects\Game Engine\Include\physx\physx\source\physx\src\NpRigidActorTemplateInternal.h">
      <Filter>src</Filter>
    </ClInclude>
    <ClInclude Include="D:\Projects\Game Engine\Include\physx\physx\source\physx\src\NpRigidBodyTemplate.h">
      <Filter>src</Filter>
    </ClInclude>
    <ClInclude Include="D:\Projects\Game Engine\Include\physx\physx\source\physx\src\NpRigidDynamic.h">
      <Filter>src</Filter>
    </ClInclude>
    <ClInclude Include="D:\Projects\Game Engine\Include\physx\physx\source\physx\src\NpRigidStatic.h">
      <Filter>src</Filter>
    </ClInclude>
    <ClInclude Include="D:\Projects\Game Engine\Include\physx\physx\source\physx\src\NpScene.h">
      <Filter>src</Filter>
    </ClInclude>
    <ClInclude Include="D:\Projects\Game Engine\Include\physx\physx\source\physx\src\NpSceneQueries.h">
      <Filter>src</Filter>
    </ClInclude>
    <ClInclude Include="D:\Projects\Game Engine\Include\physx\physx\source\physx\src\NpSceneAccessor.h">
      <Filter>src</Filter>
    </ClInclude>
    <ClInclude Include="D:\Projects\Game Engine\Include\physx\physx\source\physx\src\NpShape.h">
      <Filter>src</Filter>
    </ClInclude>
    <ClInclude Include="D:\Projects\Game Engine\Include\physx\physx\source\physx\src\NpShapeManager.h">
      <Filter>src</Filter>
    </ClInclude>
    <ClInclude Include="D:\Projects\Game Engine\Include\physx\physx\source\physx\src\NpWriteCheck.h">
      <Filter>src</Filter>
    </ClInclude>
    <ClInclude Include="D:\Projects\Game Engine\Include\physx\physx\source\physx\src\PvdMetaDataBindingData.h">
      <Filter>src</Filter>
    </ClInclude>
    <ClInclude Include="D:\Projects\Game Engine\Include\physx\physx\source\physx\src\PvdMetaDataPvdBinding.h">
      <Filter>src</Filter>
    </ClInclude>
    <ClInclude Include="D:\Projects\Game Engine\Include\physx\physx\source\physx\src\PvdPhysicsClient.h">
      <Filter>src</Filter>
    </ClInclude>
    <ClInclude Include="D:\Projects\Game Engine\Include\physx\physx\source\physx\src\PvdTypeNames.h">
      <Filter>src</Filter>
    </ClInclude>
    <ClInclude Include="D:\Projects\Game Engine\Include\physx\physx\source\physx\src\buffering\ScbActor.h">
      <Filter>src\buffering</Filter>
    </ClInclude>
    <ClInclude Include="D:\Projects\Game Engine\Include\physx\physx\source\physx\src\buffering\ScbAggregate.h">
      <Filter>src\buffering</Filter>
    </ClInclude>
    <ClInclude Include="D:\Projects\Game Engine\Include\physx\physx\source\physx\src\buffering\ScbArticulation.h">
      <Filter>src\buffering</Filter>
    </ClInclude>
    <ClInclude Include="D:\Projects\Game Engine\Include\physx\physx\source\physx\src\buffering\ScbArticulationJoint.h">
      <Filter>src\buffering</Filter>
    </ClInclude>
    <ClInclude Include="D:\Projects\Game Engine\Include\physx\physx\source\physx\src\buffering\ScbBase.h">
      <Filter>src\buffering</Filter>
    </ClInclude>
    <ClInclude Include="D:\Projects\Game Engine\Include\physx\physx\source\physx\src\buffering\ScbBody.h">
      <Filter>src\buffering</Filter>
    </ClInclude>
    <ClInclude Include="D:\Projects\Game Engine\Include\physx\physx\source\physx\src\buffering\ScbConstraint.h">
      <Filter>src\buffering</Filter>
    </ClInclude>
    <ClInclude Include="D:\Projects\Game Engine\Include\physx\physx\source\physx\src\buffering\ScbDefs.h">
      <Filter>src\buffering</Filter>
    </ClInclude>
    <ClInclude Include="D:\Projects\Game Engine\Include\physx\physx\source\physx\src\buffering\ScbNpDeps.h">
      <Filter>src\buffering</Filter>
    </ClInclude>
    <ClInclude Include="D:\Projects\Game Engine\Include\physx\physx\source\physx\src\buffering\ScbRigidObject.h">
      <Filter>src\buffering</Filter>
    </ClInclude>
    <ClInclude Include="D:\Projects\Game Engine\Include\physx\physx\source\physx\src\buffering\ScbRigidStatic.h">
      <Filter>src\buffering</Filter>
    </ClInclude>
    <ClInclude Include="D:\Projects\Game Engine\Include\physx\physx\source\physx\src\buffering\ScbScene.h">
      <Filter>src\buffering</Filter>
    </ClInclude>
    <ClInclude Include="D:\Projects\Game Engine\Include\physx\physx\source\physx\src\buffering\ScbSceneBuffer.h">
      <Filter>src\buffering</Filter>
    </ClInclude>
    <ClInclude Include="D:\Projects\Game Engine\Include\physx\physx\source\physx\src\buffering\ScbScenePvdClient.h">
      <Filter>src\buffering</Filter>
    </ClInclude>
    <ClInclude Include="D:\Projects\Game Engine\Include\physx\physx\source\physx\src\buffering\ScbShape.h">
      <Filter>src\buffering</Filter>
    </ClInclude>
    <ClInclude Include="D:\Projects\Game Engine\Include\physx\physx\source\physx\src\buffering\ScbType.h">
      <Filter>src\buffering</Filter>
    </ClInclude>
    <ClInclude Include="D:\Projects\Game Engine\Include\physx\physx\include\gpu\PxGpu.h">
      <Filter>include\gpu</Filter>
    </ClInclude>
    <ClInclude Include="D:\Projects\Game Engine\Include\physx\physx\include\cudamanager\PxCudaContextManager.h">
      <Filter>include\cudamanager</Filter>
    </ClInclude>
    <ClInclude Include="D:\Projects\Game Engine\Include\physx\physx\include\cudamanager\PxCudaMemoryManager.h">
      <Filter>include\cudamanager</Filter>
    </ClInclude>
    <ClInclude Include="D:\Projects\Game Engine\Include\physx\physx\source\compiler\resource_x86\resource.h">
      <Filter>resource</Filter>
    </ClInclude>
    <ClInclude Include="D:\Projects\Game Engine\Include\physx\physx\include\common\windows\PxWindowsDelayLoadHook.h">
      <Filter>include\common\windows</Filter>
    </ClInclude>
    <ClInclude Include="D:\Projects\Game Engine\Include\physx\physx\source\physx\src\device\nvPhysXtoDrv.h">
      <Filter>src\device</Filter>
    </ClInclude>
    <ClInclude Include="D:\Projects\Game Engine\Include\physx\physx\source\physx\src\device\PhysXIndicator.h">
      <Filter>src\device</Filter>
    </ClInclude>
  </ItemGroup>
  <ItemGroup>
    <CustomBuild Include="D:\Projects\Game Engine\Include\physx\physx\source\compiler\cmake\CMakeLists.txt" />
  </ItemGroup>
  <ItemGroup>
    <ResourceCompile Include="D:\Projects\Game Engine\Include\physx\physx\source\compiler\resource_x86\PhysX.rc">
      <Filter>resource</Filter>
    </ResourceCompile>
  </ItemGroup>
  <ItemGroup>
    <Filter Include="include">
      <UniqueIdentifier>{1D9E65DF-64E5-365D-80B1-DBC8B101FC64}</UniqueIdentifier>
    </Filter>
    <Filter Include="include\collision">
      <UniqueIdentifier>{94320DE0-5B4B-3283-9617-1E3C29DAA1BB}</UniqueIdentifier>
    </Filter>
    <Filter Include="include\common">
      <UniqueIdentifier>{4FFFC367-E3AA-33B9-9375-6447D1334897}</UniqueIdentifier>
    </Filter>
    <Filter Include="include\common\windows">
      <UniqueIdentifier>{9DC3E9F9-B7B1-3AE3-9DBC-C7295F927393}</UniqueIdentifier>
    </Filter>
    <Filter Include="include\cudamanager">
      <UniqueIdentifier>{663057C2-8A74-3EAB-8981-6B08EFBF3A09}</UniqueIdentifier>
    </Filter>
    <Filter Include="include\gpu">
      <UniqueIdentifier>{ABE4680A-F387-3987-B33A-BA1AE9B0C743}</UniqueIdentifier>
    </Filter>
    <Filter Include="include\pvd">
      <UniqueIdentifier>{9DB9A1D6-082B-325F-9E84-4EF939CB01D9}</UniqueIdentifier>
    </Filter>
    <Filter Include="metadata">
      <UniqueIdentifier>{F43E9CBA-ED60-3C72-B588-DB6C4E2FB9CE}</UniqueIdentifier>
    </Filter>
    <Filter Include="metadata\include">
      <UniqueIdentifier>{C9D86C48-EEB6-3A11-8D32-C644F9B90FA4}</UniqueIdentifier>
    </Filter>
    <Filter Include="metadata\src">
      <UniqueIdentifier>{66114029-C799-308A-8CF0-BB7FD2F111C4}</UniqueIdentifier>
    </Filter>
    <Filter Include="resource">
      <UniqueIdentifier>{282F32E4-738C-34F8-8D2F-DE52D0E9BD5E}</UniqueIdentifier>
    </Filter>
    <Filter Include="src">
      <UniqueIdentifier>{CB20CFC6-DB22-37B4-9640-824C929865D2}</UniqueIdentifier>
    </Filter>
    <Filter Include="src\buffering">
      <UniqueIdentifier>{263083FF-8BC2-3519-8712-C73963DAB2AD}</UniqueIdentifier>
    </Filter>
    <Filter Include="src\device">
      <UniqueIdentifier>{4F09D712-8678-3F8A-9FE2-30162D603B66}</UniqueIdentifier>
    </Filter>
    <Filter Include="src\gpu">
      <UniqueIdentifier>{FB4BC33E-FF5E-3514-AF0C-F407AB15308E}</UniqueIdentifier>
    </Filter>
    <Filter Include="src\immediatemode">
      <UniqueIdentifier>{CAAF1F09-A507-3F61-A59C-85618971D5F5}</UniqueIdentifier>
    </Filter>
    <Filter Include="src\windows">
      <UniqueIdentifier>{FB72EC65-7653-3AD4-8C31-89C031F4C345}</UniqueIdentifier>
    </Filter>
  </ItemGroup>
</Project>
