<?xml version="1.0" encoding="utf-8"?>
<Project ToolsVersion="15.0" xmlns="http://schemas.microsoft.com/developer/msbuild/2003">
  <ItemGroup>
    <ClCompile Include="D:\Projects\Game Engine\Include\physx\physx\source\foundation\src\PsAllocator.cpp">
      <Filter>src\src</Filter>
    </ClCompile>
    <ClCompile Include="D:\Projects\Game Engine\Include\physx\physx\source\foundation\src\PsAssert.cpp">
      <Filter>src\src</Filter>
    </ClCompile>
    <ClCompile Include="D:\Projects\Game Engine\Include\physx\physx\source\foundation\src\PsFoundation.cpp">
      <Filter>src\src</Filter>
    </ClCompile>
    <ClCompile Include="D:\Projects\Game Engine\Include\physx\physx\source\foundation\src\PsMathUtils.cpp">
      <Filter>src\src</Filter>
    </ClCompile>
    <ClCompile Include="D:\Projects\Game Engine\Include\physx\physx\source\foundation\src\PsString.cpp">
      <Filter>src\src</Filter>
    </ClCompile>
    <ClCompile Include="D:\Projects\Game Engine\Include\physx\physx\source\foundation\src\PsTempAllocator.cpp">
      <Filter>src\src</Filter>
    </ClCompile>
    <ClCompile Include="D:\Projects\Game Engine\Include\physx\physx\source\foundation\src\PsUtilities.cpp">
      <Filter>src\src</Filter>
    </ClCompile>
    <ClCompile Include="D:\Projects\Game Engine\Include\physx\physx\source\foundation\src\windows\PsWindowsAtomic.cpp">
      <Filter>src\src\windows</Filter>
    </ClCompile>
    <ClCompile Include="D:\Projects\Game Engine\Include\physx\physx\source\foundation\src\windows\PsWindowsCpu.cpp">
      <Filter>src\src\windows</Filter>
    </ClCompile>
    <ClCompile Include="D:\Projects\Game Engine\Include\physx\physx\source\foundation\src\windows\PsWindowsFPU.cpp">
      <Filter>src\src\windows</Filter>
    </ClCompile>
    <ClCompile Include="D:\Projects\Game Engine\Include\physx\physx\source\foundation\src\windows\PsWindowsMutex.cpp">
      <Filter>src\src\windows</Filter>
    </ClCompile>
    <ClCompile Include="D:\Projects\Game Engine\Include\physx\physx\source\foundation\src\windows\PsWindowsPrintString.cpp">
      <Filter>src\src\windows</Filter>
    </ClCompile>
    <ClCompile Include="D:\Projects\Game Engine\Include\physx\physx\source\foundation\src\windows\PsWindowsSList.cpp">
      <Filter>src\src\windows</Filter>
    </ClCompile>
    <ClCompile Include="D:\Projects\Game Engine\Include\physx\physx\source\foundation\src\windows\PsWindowsSocket.cpp">
      <Filter>src\src\windows</Filter>
    </ClCompile>
    <ClCompile Include="D:\Projects\Game Engine\Include\physx\physx\source\foundation\src\windows\PsWindowsSync.cpp">
      <Filter>src\src\windows</Filter>
    </ClCompile>
    <ClCompile Include="D:\Projects\Game Engine\Include\physx\physx\source\foundation\src\windows\PsWindowsThread.cpp">
      <Filter>src\src\windows</Filter>
    </ClCompile>
    <ClCompile Include="D:\Projects\Game Engine\Include\physx\physx\source\foundation\src\windows\PsWindowsTime.cpp">
      <Filter>src\src\windows</Filter>
    </ClCompile>
  </ItemGroup>
  <ItemGroup>
    <ClInclude Include="D:\Projects\Game Engine\Include\physx\physx\source\foundation\include\Ps.h">
      <Filter>src\include</Filter>
    </ClInclude>
    <ClInclude Include="D:\Projects\Game Engine\Include\physx\physx\source\foundation\include\PsAlignedMalloc.h">
      <Filter>src\include</Filter>
    </ClInclude>
    <ClInclude Include="D:\Projects\Game Engine\Include\physx\physx\source\foundation\include\PsAlloca.h">
      <Filter>src\include</Filter>
    </ClInclude>
    <ClInclude Include="D:\Projects\Game Engine\Include\physx\physx\source\foundation\include\PsAllocator.h">
      <Filter>src\include</Filter>
    </ClInclude>
    <ClInclude Include="D:\Projects\Game Engine\Include\physx\physx\source\foundation\include\PsAoS.h">
      <Filter>src\include</Filter>
    </ClInclude>
    <ClInclude Include="D:\Projects\Game Engine\Include\physx\physx\source\foundation\include\PsArray.h">
      <Filter>src\include</Filter>
    </ClInclude>
    <ClInclude Include="D:\Projects\Game Engine\Include\physx\physx\source\foundation\include\PsAtomic.h">
      <Filter>src\include</Filter>
    </ClInclude>
    <ClInclude Include="D:\Projects\Game Engine\Include\physx\physx\source\foundation\include\PsBasicTemplates.h">
      <Filter>src\include</Filter>
    </ClInclude>
    <ClInclude Include="D:\Projects\Game Engine\Include\physx\physx\source\foundation\include\PsBitUtils.h">
      <Filter>src\include</Filter>
    </ClInclude>
    <ClInclude Include="D:\Projects\Game Engine\Include\physx\physx\source\foundation\include\PsBroadcast.h">
      <Filter>src\include</Filter>
    </ClInclude>
    <ClInclude Include="D:\Projects\Game Engine\Include\physx\physx\source\foundation\include\PsCpu.h">
      <Filter>src\include</Filter>
    </ClInclude>
    <ClInclude Include="D:\Projects\Game Engine\Include\physx\physx\source\foundation\include\PsFoundation.h">
      <Filter>src\include</Filter>
    </ClInclude>
    <ClInclude Include="D:\Projects\Game Engine\Include\physx\physx\source\foundation\include\PsFPU.h">
      <Filter>src\include</Filter>
    </ClInclude>
    <ClInclude Include="D:\Projects\Game Engine\Include\physx\physx\source\foundation\include\PsHash.h">
      <Filter>src\include</Filter>
    </ClInclude>
    <ClInclude Include="D:\Projects\Game Engine\Include\physx\physx\source\foundation\include\PsHashInternals.h">
      <Filter>src\include</Filter>
    </ClInclude>
    <ClInclude Include="D:\Projects\Game Engine\Include\physx\physx\source\foundation\include\PsHashMap.h">
      <Filter>src\include</Filter>
    </ClInclude>
    <ClInclude Include="D:\Projects\Game Engine\Include\physx\physx\source\foundation\include\PsHashSet.h">
      <Filter>src\include</Filter>
    </ClInclude>
    <ClInclude Include="D:\Projects\Game Engine\Include\physx\physx\source\foundation\include\PsInlineAllocator.h">
      <Filter>src\include</Filter>
    </ClInclude>
    <ClInclude Include="D:\Projects\Game Engine\Include\physx\physx\source\foundation\include\PsInlineAoS.h">
      <Filter>src\include</Filter>
    </ClInclude>
    <ClInclude Include="D:\Projects\Game Engine\Include\physx\physx\source\foundation\include\PsInlineArray.h">
      <Filter>src\include</Filter>
    </ClInclude>
    <ClInclude Include="D:\Projects\Game Engine\Include\physx\physx\source\foundation\include\PsIntrinsics.h">
      <Filter>src\include</Filter>
    </ClInclude>
    <ClInclude Include="D:\Projects\Game Engine\Include\physx\physx\source\foundation\include\PsMathUtils.h">
      <Filter>src\include</Filter>
    </ClInclude>
    <ClInclude Include="D:\Projects\Game Engine\Include\physx\physx\source\foundation\include\PsMutex.h">
      <Filter>src\include</Filter>
    </ClInclude>
    <ClInclude Include="D:\Projects\Game Engine\Include\physx\physx\source\foundation\include\PsPool.h">
      <Filter>src\include</Filter>
    </ClInclude>
    <ClInclude Include="D:\Projects\Game Engine\Include\physx\physx\source\foundation\include\PsSList.h">
      <Filter>src\include</Filter>
    </ClInclude>
    <ClInclude Include="D:\Projects\Game Engine\Include\physx\physx\source\foundation\include\PsSocket.h">
      <Filter>src\include</Filter>
    </ClInclude>
    <ClInclude Include="D:\Projects\Game Engine\Include\physx\physx\source\foundation\include\PsSort.h">
      <Filter>src\include</Filter>
    </ClInclude>
    <ClInclude Include="D:\Projects\Game Engine\Include\physx\physx\source\foundation\include\PsSortInternals.h">
      <Filter>src\include</Filter>
    </ClInclude>
    <ClInclude Include="D:\Projects\Game Engine\Include\physx\physx\source\foundation\include\PsString.h">
      <Filter>src\include</Filter>
    </ClInclude>
    <ClInclude Include="D:\Projects\Game Engine\Include\physx\physx\source\foundation\include\PsSync.h">
      <Filter>src\include</Filter>
    </ClInclude>
    <ClInclude Include="D:\Projects\Game Engine\Include\physx\physx\source\foundation\include\PsTempAllocator.h">
      <Filter>src\include</Filter>
    </ClInclude>
    <ClInclude Include="D:\Projects\Game Engine\Include\physx\physx\source\foundation\include\PsThread.h">
      <Filter>src\include</Filter>
    </ClInclude>
    <ClInclude Include="D:\Projects\Game Engine\Include\physx\physx\source\foundation\include\PsTime.h">
      <Filter>src\include</Filter>
    </ClInclude>
    <ClInclude Include="D:\Projects\Game Engine\Include\physx\physx\source\foundation\include\PsUserAllocated.h">
      <Filter>src\include</Filter>
    </ClInclude>
    <ClInclude Include="D:\Projects\Game Engine\Include\physx\physx\source\foundation\include\PsUtilities.h">
      <Filter>src\include</Filter>
    </ClInclude>
    <ClInclude Include="D:\Projects\Game Engine\Include\physx\physx\source\foundation\include\PsVecMath.h">
      <Filter>src\include</Filter>
    </ClInclude>
    <ClInclude Include="D:\Projects\Game Engine\Include\physx\physx\source\foundation\include\PsVecMathAoSScalar.h">
      <Filter>src\include</Filter>
    </ClInclude>
    <ClInclude Include="D:\Projects\Game Engine\Include\physx\physx\source\foundation\include\PsVecMathAoSScalarInline.h">
      <Filter>src\include</Filter>
    </ClInclude>
    <ClInclude Include="D:\Projects\Game Engine\Include\physx\physx\source\foundation\include\PsVecMathSSE.h">
      <Filter>src\include</Filter>
    </ClInclude>
    <ClInclude Include="D:\Projects\Game Engine\Include\physx\physx\source\foundation\include\PsVecMathUtilities.h">
      <Filter>src\include</Filter>
    </ClInclude>
    <ClInclude Include="D:\Projects\Game Engine\Include\physx\physx\source\foundation\include\PsVecQuat.h">
      <Filter>src\include</Filter>
    </ClInclude>
    <ClInclude Include="D:\Projects\Game Engine\Include\physx\physx\source\foundation\include\PsVecTransform.h">
      <Filter>src\include</Filter>
    </ClInclude>
    <ClInclude Include="D:\Projects\Game Engine\Include\physx\physx\include\PxFoundation.h">
      <Filter>include</Filter>
    </ClInclude>
    <ClInclude Include="D:\Projects\Game Engine\Include\physx\physx\include\foundation\PxAssert.h">
      <Filter>include\foundation</Filter>
    </ClInclude>
    <ClInclude Include="D:\Projects\Game Engine\Include\physx\physx\include\foundation\PxFoundationConfig.h">
      <Filter>include\foundation</Filter>
    </ClInclude>
    <ClInclude Include="D:\Projects\Game Engine\Include\physx\physx\include\foundation\PxMathUtils.h">
      <Filter>include\foundation</Filter>
    </ClInclude>
    <ClInclude Include="D:\Projects\Game Engine\Include\physx\physx\source\foundation\include\windows\PsWindowsAoS.h">
      <Filter>src\include\windows</Filter>
    </ClInclude>
    <ClInclude Include="D:\Projects\Game Engine\Include\physx\physx\source\foundation\include\windows\PsWindowsFPU.h">
      <Filter>src\include\windows</Filter>
    </ClInclude>
    <ClInclude Include="D:\Projects\Game Engine\Include\physx\physx\source\foundation\include\windows\PsWindowsInclude.h">
      <Filter>src\include\windows</Filter>
    </ClInclude>
    <ClInclude Include="D:\Projects\Game Engine\Include\physx\physx\source\foundation\include\windows\PsWindowsInlineAoS.h">
      <Filter>src\include\windows</Filter>
    </ClInclude>
    <ClInclude Include="D:\Projects\Game Engine\Include\physx\physx\source\foundation\include\windows\PsWindowsIntrinsics.h">
      <Filter>src\include\windows</Filter>
    </ClInclude>
    <ClInclude Include="D:\Projects\Game Engine\Include\physx\physx\source\foundation\include\windows\PsWindowsTrigConstants.h">
      <Filter>src\include\windows</Filter>
    </ClInclude>
    <ClInclude Include="D:\Projects\Game Engine\Include\physx\pxshared\include\foundation\Px.h">
      <Filter>shared\include</Filter>
    </ClInclude>
    <ClInclude Include="D:\Projects\Game Engine\Include\physx\pxshared\include\foundation\PxAllocatorCallback.h">
      <Filter>shared\include</Filter>
    </ClInclude>
    <ClInclude Include="D:\Projects\Game Engine\Include\physx\pxshared\include\foundation\PxProfiler.h">
      <Filter>shared\include</Filter>
    </ClInclude>
    <ClInclude Include="D:\Projects\Game Engine\Include\physx\pxshared\include\foundation\PxSharedAssert.h">
      <Filter>shared\include</Filter>
    </ClInclude>
    <ClInclude Include="D:\Projects\Game Engine\Include\physx\pxshared\include\foundation\PxBitAndData.h">
      <Filter>shared\include</Filter>
    </ClInclude>
    <ClInclude Include="D:\Projects\Game Engine\Include\physx\pxshared\include\foundation\PxBounds3.h">
      <Filter>shared\include</Filter>
    </ClInclude>
    <ClInclude Include="D:\Projects\Game Engine\Include\physx\pxshared\include\foundation\PxErrorCallback.h">
      <Filter>shared\include</Filter>
    </ClInclude>
    <ClInclude Include="D:\Projects\Game Engine\Include\physx\pxshared\include\foundation\PxErrors.h">
      <Filter>shared\include</Filter>
    </ClInclude>
    <ClInclude Include="D:\Projects\Game Engine\Include\physx\pxshared\include\foundation\PxFlags.h">
      <Filter>shared\include</Filter>
    </ClInclude>
    <ClInclude Include="D:\Projects\Game Engine\Include\physx\pxshared\include\foundation\PxIntrinsics.h">
      <Filter>shared\include</Filter>
    </ClInclude>
    <ClInclude Include="D:\Projects\Game Engine\Include\physx\pxshared\include\foundation\PxIO.h">
      <Filter>shared\include</Filter>
    </ClInclude>
    <ClInclude Include="D:\Projects\Game Engine\Include\physx\pxshared\include\foundation\PxMat33.h">
      <Filter>shared\include</Filter>
    </ClInclude>
    <ClInclude Include="D:\Projects\Game Engine\Include\physx\pxshared\include\foundation\PxMat44.h">
      <Filter>shared\include</Filter>
    </ClInclude>
    <ClInclude Include="D:\Projects\Game Engine\Include\physx\pxshared\include\foundation\PxMath.h">
      <Filter>shared\include</Filter>
    </ClInclude>
    <ClInclude Include="D:\Projects\Game Engine\Include\physx\pxshared\include\foundation\PxMemory.h">
      <Filter>shared\include</Filter>
    </ClInclude>
    <ClInclude Include="D:\Projects\Game Engine\Include\physx\pxshared\include\foundation\PxPlane.h">
      <Filter>shared\include</Filter>
    </ClInclude>
    <ClInclude Include="D:\Projects\Game Engine\Include\physx\pxshared\include\foundation\PxPreprocessor.h">
      <Filter>shared\include</Filter>
    </ClInclude>
    <ClInclude Include="D:\Projects\Game Engine\Include\physx\pxshared\include\foundation\PxQuat.h">
      <Filter>shared\include</Filter>
    </ClInclude>
    <ClInclude Include="D:\Projects\Game Engine\Include\physx\pxshared\include\foundation\PxSimpleTypes.h">
      <Filter>shared\include</Filter>
    </ClInclude>
    <ClInclude Include="D:\Projects\Game Engine\Include\physx\pxshared\include\foundation\PxStrideIterator.h">
      <Filter>shared\include</Filter>
    </ClInclude>
    <ClInclude Include="D:\Projects\Game Engine\Include\physx\pxshared\include\foundation\PxTransform.h">
      <Filter>shared\include</Filter>
    </ClInclude>
    <ClInclude Include="D:\Projects\Game Engine\Include\physx\pxshared\include\foundation\PxUnionCast.h">
      <Filter>shared\include</Filter>
    </ClInclude>
    <ClInclude Include="D:\Projects\Game Engine\Include\physx\pxshared\include\foundation\PxVec2.h">
      <Filter>shared\include</Filter>
    </ClInclude>
    <ClInclude Include="D:\Projects\Game Engine\Include\physx\pxshared\include\foundation\PxVec3.h">
      <Filter>shared\include</Filter>
    </ClInclude>
    <ClInclude Include="D:\Projects\Game Engine\Include\physx\pxshared\include\foundation\PxVec4.h">
      <Filter>shared\include</Filter>
    </ClInclude>
    <ClInclude Include="D:\Projects\Game Engine\Include\physx\pxshared\include\foundation\windows\PxWindowsIntrinsics.h">
      <Filter>shared\include\windows</Filter>
    </ClInclude>
  </ItemGroup>
  <ItemGroup>
    <CustomBuild Include="D:\Projects\Game Engine\Include\physx\physx\source\compiler\cmake\CMakeLists.txt" />
  </ItemGroup>
  <ItemGroup>
    <ResourceCompile Include="D:\Projects\Game Engine\Include\physx\physx\source\compiler\resource_x86\PhysXFoundation.rc">
      <Filter>resource</Filter>
    </ResourceCompile>
  </ItemGroup>
  <ItemGroup>
    <Filter Include="include">
      <UniqueIdentifier>{1D9E65DF-64E5-365D-80B1-DBC8B101FC64}</UniqueIdentifier>
    </Filter>
    <Filter Include="include\foundation">
      <UniqueIdentifier>{CB405187-6474-35DC-8C94-B5EB9E7DA5AB}</UniqueIdentifier>
    </Filter>
    <Filter Include="resource">
      <UniqueIdentifier>{282F32E4-738C-34F8-8D2F-DE52D0E9BD5E}</UniqueIdentifier>
    </Filter>
    <Filter Include="shared">
      <UniqueIdentifier>{97B7277D-D4DE-35FE-8E8E-137F12A3CED6}</UniqueIdentifier>
    </Filter>
    <Filter Include="shared\include">
      <UniqueIdentifier>{397C8E1B-FD1F-3B7D-ADF0-4F3F71509BE9}</UniqueIdentifier>
    </Filter>
    <Filter Include="shared\include\windows">
      <UniqueIdentifier>{6EDE55EC-A097-39A6-8CB2-3FB27C3B34B6}</UniqueIdentifier>
    </Filter>
    <Filter Include="src">
      <UniqueIdentifier>{CB20CFC6-DB22-37B4-9640-824C929865D2}</UniqueIdentifier>
    </Filter>
    <Filter Include="src\include">
      <UniqueIdentifier>{79731C87-DA3B-308D-8DCB-08EDB2CBDA0D}</UniqueIdentifier>
    </Filter>
    <Filter Include="src\include\windows">
      <UniqueIdentifier>{D2C9635D-093C-35AB-89E6-A85B825657BD}</UniqueIdentifier>
    </Filter>
    <Filter Include="src\src">
      <UniqueIdentifier>{4BC697BF-611D-3228-BAB7-B1ABB7A51200}</UniqueIdentifier>
    </Filter>
    <Filter Include="src\src\windows">
      <UniqueIdentifier>{D05D5FAA-8144-3997-B490-2410E10DE0FF}</UniqueIdentifier>
    </Filter>
  </ItemGroup>
</Project>
